// !$*UTF8*$!
{
	archiveVersion = 1;
	classes = {
	};
	objectVersion = 46;
	objects = {

/* Begin PBXBuildFile section */
		3D0FFD691B09E7E100C4F8F6 /* SidebarTableViewController.xib in Resources */ = {isa = PBXBuildFile; fileRef = 3D0FFD681B09E7E100C4F8F6 /* SidebarTableViewController.xib */; };
		3D0FFD6B1B0A22F100C4F8F6 /* SideBarTableViewCell.xib in Resources */ = {isa = PBXBuildFile; fileRef = 3D0FFD6A1B0A22F100C4F8F6 /* SideBarTableViewCell.xib */; };
		3D0FFD6D1B0A297700C4F8F6 /* ContentViewController.xib in Resources */ = {isa = PBXBuildFile; fileRef = 3D0FFD6C1B0A297700C4F8F6 /* ContentViewController.xib */; };
		3D21286E1B2DF57100C9FC4C /* Email.swift in Sources */ = {isa = PBXBuildFile; fileRef = 3D21286D1B2DF57100C9FC4C /* Email.swift */; };
		3D2128721B2DF57200C9FC4C /* EmailAccount.swift in Sources */ = {isa = PBXBuildFile; fileRef = 3D2128711B2DF57200C9FC4C /* EmailAccount.swift */; };
		3D3654E31B385566003B38F0 /* SideBarSubFolderTableViewCell.swift in Sources */ = {isa = PBXBuildFile; fileRef = 3D3654E11B385566003B38F0 /* SideBarSubFolderTableViewCell.swift */; };
		3D3654E41B385566003B38F0 /* SideBarSubFolderTableViewCell.xib in Resources */ = {isa = PBXBuildFile; fileRef = 3D3654E21B385566003B38F0 /* SideBarSubFolderTableViewCell.xib */; };
		3D37FFA91B01DBC200388F81 /* ContentViewController.swift in Sources */ = {isa = PBXBuildFile; fileRef = 3D37FFA81B01DBC200388F81 /* ContentViewController.swift */; };
		3D58BC471B1CCEE700CCA5F0 /* IMAPFolderFetcher.swift in Sources */ = {isa = PBXBuildFile; fileRef = 3D58BC461B1CCEE700CCA5F0 /* IMAPFolderFetcher.swift */; };
		3D65A4CC1B53014E00E88CC7 /* triangle_bottom.png in Resources */ = {isa = PBXBuildFile; fileRef = 3D65A4CA1B53014E00E88CC7 /* triangle_bottom.png */; };
		3D65A4CD1B53014E00E88CC7 /* triangle_right.png in Resources */ = {isa = PBXBuildFile; fileRef = 3D65A4CB1B53014E00E88CC7 /* triangle_right.png */; };
		3D848A2D1B3768C90039A162 /* SendViewCellWithTextView.swift in Sources */ = {isa = PBXBuildFile; fileRef = 8E6E35311B25C71100449DC3 /* SendViewCellWithTextView.swift */; };
		3D848A2E1B376A010039A162 /* EmailAccountSupport.swift in Sources */ = {isa = PBXBuildFile; fileRef = AD24BE1F1B23042500804732 /* EmailAccountSupport.swift */; };
		3D8D90E11B00A1F900D5135D /* SidebarTableViewController.swift in Sources */ = {isa = PBXBuildFile; fileRef = 3D8D90E01B00A1F900D5135D /* SidebarTableViewController.swift */; };
		3D8D90E41B00A2CA00D5135D /* SideBarTableViewCell.swift in Sources */ = {isa = PBXBuildFile; fileRef = 3D8D90E31B00A2CA00D5135D /* SideBarTableViewCell.swift */; };
		3D9027541AF96D0D000D3E72 /* MailCore.framework in Frameworks */ = {isa = PBXBuildFile; fileRef = 3D9027521AF96D0D000D3E72 /* MailCore.framework */; };
		3D9027551AF96D0D000D3E72 /* SwiftyJSON.framework in Frameworks */ = {isa = PBXBuildFile; fileRef = 3D9027531AF96D0D000D3E72 /* SwiftyJSON.framework */; };
		3D90275E1AF97167000D3E72 /* CoreData.framework in Frameworks */ = {isa = PBXBuildFile; fileRef = 3D90275D1AF97167000D3E72 /* CoreData.framework */; };
		3DA302951B2ED122003CE16A /* ImapFolder.swift in Sources */ = {isa = PBXBuildFile; fileRef = 3DA302941B2ED122003CE16A /* ImapFolder.swift */; };
		3DA3029C1B321467003CE16A /* MCOIMAPFolderWrapper.m in Sources */ = {isa = PBXBuildFile; fileRef = 3DA3029B1B321467003CE16A /* MCOIMAPFolderWrapper.m */; };
		3DB242141B38BADB00095634 /* folder.png in Resources */ = {isa = PBXBuildFile; fileRef = 3DB242131B38BADB00095634 /* folder.png */; };
		3DF253AD1AF7611D00B99BC8 /* AppDelegate.swift in Sources */ = {isa = PBXBuildFile; fileRef = 3DF253AC1AF7611D00B99BC8 /* AppDelegate.swift */; };
		3DF253B01AF7611D00B99BC8 /* SMile.xcdatamodeld in Sources */ = {isa = PBXBuildFile; fileRef = 3DF253AE1AF7611D00B99BC8 /* SMile.xcdatamodeld */; };
		3DF253B21AF7611D00B99BC8 /* ContainerViewController.swift in Sources */ = {isa = PBXBuildFile; fileRef = 3DF253B11AF7611D00B99BC8 /* ContainerViewController.swift */; };
		3DF253B51AF7611D00B99BC8 /* Main.storyboard in Resources */ = {isa = PBXBuildFile; fileRef = 3DF253B31AF7611D00B99BC8 /* Main.storyboard */; };
		3DF253B71AF7611D00B99BC8 /* Images.xcassets in Resources */ = {isa = PBXBuildFile; fileRef = 3DF253B61AF7611D00B99BC8 /* Images.xcassets */; };
		3DF253BA1AF7611D00B99BC8 /* LaunchScreen.xib in Resources */ = {isa = PBXBuildFile; fileRef = 3DF253B81AF7611D00B99BC8 /* LaunchScreen.xib */; };
		3DF253C61AF7611E00B99BC8 /* SMileTests.swift in Sources */ = {isa = PBXBuildFile; fileRef = 3DF253C51AF7611E00B99BC8 /* SMileTests.swift */; };
		5B66C33E1B4E660600BDF3D6 /* IMAPFunctions.swift in Sources */ = {isa = PBXBuildFile; fileRef = 5B66C33D1B4E660600BDF3D6 /* IMAPFunctions.swift */; };
		5B7EAB081B31870800B888BD /* archive.png in Resources */ = {isa = PBXBuildFile; fileRef = 5B7EAB071B31870800B888BD /* archive.png */; };
		5B8948FB1B317DAA0064F3C0 /* Trash.png in Resources */ = {isa = PBXBuildFile; fileRef = 5B8948FA1B317DAA0064F3C0 /* Trash.png */; };
		5B8B6E0B1B2455E60087B124 /* bluedot@2x.png in Resources */ = {isa = PBXBuildFile; fileRef = 5B8B6E0A1B2455E60087B124 /* bluedot@2x.png */; };
		8E1441171B1DEFFA00F1A023 /* SendViewCellWithLabelAndTextField.swift in Sources */ = {isa = PBXBuildFile; fileRef = 8E1441161B1DEFFA00F1A023 /* SendViewCellWithLabelAndTextField.swift */; };
		8E14411C1B1DF78E00F1A023 /* SendViewCellWithLabelAndTextField.xib in Resources */ = {isa = PBXBuildFile; fileRef = 8E14411B1B1DF78E00F1A023 /* SendViewCellWithLabelAndTextField.xib */; };
		8E450BA81B15BBF0001E37B9 /* CustomMailTableViewCell.swift in Sources */ = {isa = PBXBuildFile; fileRef = 8E450B941B15BBF0001E37B9 /* CustomMailTableViewCell.swift */; };
		8E450BA91B15BBF0001E37B9 /* CustomMailTableViewCell.xib in Resources */ = {isa = PBXBuildFile; fileRef = 8E450B951B15BBF0001E37B9 /* CustomMailTableViewCell.xib */; };
		8E450BAC1B15BBF0001E37B9 /* MailSendViewController.swift in Sources */ = {isa = PBXBuildFile; fileRef = 8E450B991B15BBF0001E37B9 /* MailSendViewController.swift */; };
		8E450BAE1B15BBF0001E37B9 /* MailTableViewController.swift in Sources */ = {isa = PBXBuildFile; fileRef = 8E450B9B1B15BBF0001E37B9 /* MailTableViewController.swift */; };
		8E450BAF1B15BBF0001E37B9 /* MailTableViewController.xib in Resources */ = {isa = PBXBuildFile; fileRef = 8E450B9C1B15BBF0001E37B9 /* MailTableViewController.xib */; };
		8E450BB21B15BBF0001E37B9 /* MCOCIDURLProtocol.mm in Sources */ = {isa = PBXBuildFile; fileRef = 8E450BA01B15BBF0001E37B9 /* MCOCIDURLProtocol.mm */; };
		8E450BB31B15BBF0001E37B9 /* MCOMessageView.mm in Sources */ = {isa = PBXBuildFile; fileRef = 8E450BA21B15BBF0001E37B9 /* MCOMessageView.mm */; };
		8E450BB41B15BBF0001E37B9 /* MCTMsgViewController.mm in Sources */ = {isa = PBXBuildFile; fileRef = 8E450BA41B15BBF0001E37B9 /* MCTMsgViewController.mm */; };
		8E450BB81B15BD2F001E37B9 /* CoreImage.framework in Frameworks */ = {isa = PBXBuildFile; fileRef = 8E450BB71B15BD2F001E37B9 /* CoreImage.framework */; };
		8E450BBA1B15BD35001E37B9 /* ImageIO.framework in Frameworks */ = {isa = PBXBuildFile; fileRef = 8E450BB91B15BD35001E37B9 /* ImageIO.framework */; };
		8E57385B1B1B19C8009AA28A /* WebViewController.swift in Sources */ = {isa = PBXBuildFile; fileRef = 8E57385A1B1B19C8009AA28A /* WebViewController.swift */; };
		8E63CE541B53E00600DC9B04 /* MoveEmailViewController.swift in Sources */ = {isa = PBXBuildFile; fileRef = 8E63CE531B53E00600DC9B04 /* MoveEmailViewController.swift */; };
		8E63CE561B53E03E00DC9B04 /* MoveEmailViewController.xib in Resources */ = {isa = PBXBuildFile; fileRef = 8E63CE551B53E03E00DC9B04 /* MoveEmailViewController.xib */; };
		8E6E35341B25C74C00449DC3 /* SendViewCellWithTextView.xib in Resources */ = {isa = PBXBuildFile; fileRef = 8E6E35331B25C74C00449DC3 /* SendViewCellWithTextView.xib */; };
		A917E2001B208ADF0069BC91 /* MailSendViewController.xib in Resources */ = {isa = PBXBuildFile; fileRef = A917E1FF1B208ADF0069BC91 /* MailSendViewController.xib */; };
		AD0100A41B19EDB1009E4E18 /* PreferenceAccountListTableViewController.swift in Sources */ = {isa = PBXBuildFile; fileRef = AD0100A21B19EDB1009E4E18 /* PreferenceAccountListTableViewController.swift */; };
		AD0100A51B19EDB1009E4E18 /* PreferenceAccountListTableViewController.xib in Resources */ = {isa = PBXBuildFile; fileRef = AD0100A31B19EDB1009E4E18 /* PreferenceAccountListTableViewController.xib */; };
		AD1255DC1B1A223A005EA5CE /* ios7-plus.png in Resources */ = {isa = PBXBuildFile; fileRef = AD1255DB1B1A223A005EA5CE /* ios7-plus.png */; };
		AD1255DE1B1A2B6C005EA5CE /* Gmail-128.png in Resources */ = {isa = PBXBuildFile; fileRef = AD1255DD1B1A2B6C005EA5CE /* Gmail-128.png */; };
		AD1255E01B1A302F005EA5CE /* sources.txt in Resources */ = {isa = PBXBuildFile; fileRef = AD1255DF1B1A302F005EA5CE /* sources.txt */; };
		AD16B2231B1C594B001645A5 /* PreferenceAccountTableViewCell.swift in Sources */ = {isa = PBXBuildFile; fileRef = AD16B2211B1C594B001645A5 /* PreferenceAccountTableViewCell.swift */; };
		AD16B2241B1C594B001645A5 /* PreferenceAccountTableViewCell.xib in Resources */ = {isa = PBXBuildFile; fileRef = AD16B2221B1C594B001645A5 /* PreferenceAccountTableViewCell.xib */; };
		AD187B1D1B1FB4C2007806D9 /* Locksmith.swift in Sources */ = {isa = PBXBuildFile; fileRef = AD187B1B1B1FB4C2007806D9 /* Locksmith.swift */; };
		AD187B1E1B1FB4C2007806D9 /* LocksmithRequest.swift in Sources */ = {isa = PBXBuildFile; fileRef = AD187B1C1B1FB4C2007806D9 /* LocksmithRequest.swift */; };
		AD1CDFE11B283DED00E05B66 /* SwitchTableViewCell.swift in Sources */ = {isa = PBXBuildFile; fileRef = AD1CDFDF1B283DED00E05B66 /* SwitchTableViewCell.swift */; };
		AD1CDFE21B283DED00E05B66 /* SwitchTableViewCell.xib in Resources */ = {isa = PBXBuildFile; fileRef = AD1CDFE01B283DED00E05B66 /* SwitchTableViewCell.xib */; };
		AD44E0221B1AFE0300751FFA /* smile-gray.png in Resources */ = {isa = PBXBuildFile; fileRef = AD44E0211B1AFE0300751FFA /* smile-gray.png */; };
		AD44E0271B1B017900751FFA /* outlook.png in Resources */ = {isa = PBXBuildFile; fileRef = AD44E0231B1B017900751FFA /* outlook.png */; };
		AD44E0281B1B017900751FFA /* Yahoo-icon.png in Resources */ = {isa = PBXBuildFile; fileRef = AD44E0241B1B017900751FFA /* Yahoo-icon.png */; };
		AD44E0291B1B017900751FFA /* gmx.png in Resources */ = {isa = PBXBuildFile; fileRef = AD44E0251B1B017900751FFA /* gmx.png */; };
		AD44E02A1B1B017900751FFA /* webde.png in Resources */ = {isa = PBXBuildFile; fileRef = AD44E0261B1B017900751FFA /* webde.png */; };
		AD44E0301B1B22E700751FFA /* TextfieldWithPadding.swift in Sources */ = {isa = PBXBuildFile; fileRef = AD44E02F1B1B22E700751FFA /* TextfieldWithPadding.swift */; };
		AD44E0361B1B51ED00751FFA /* icloud-icon.png in Resources */ = {isa = PBXBuildFile; fileRef = AD44E0351B1B51ED00751FFA /* icloud-icon.png */; };
		AD44E0381B1B528400751FFA /* fau-logo.png in Resources */ = {isa = PBXBuildFile; fileRef = AD44E0371B1B528400751FFA /* fau-logo.png */; };
		AD4B413F1B233EC500EF09FC /* AuthConTableViewController.swift in Sources */ = {isa = PBXBuildFile; fileRef = AD4B413D1B233EC500EF09FC /* AuthConTableViewController.swift */; };
		AD4B41401B233EC500EF09FC /* AuthConTableViewController.xib in Resources */ = {isa = PBXBuildFile; fileRef = AD4B413E1B233EC500EF09FC /* AuthConTableViewController.xib */; };
		AD4B41471B2342FD00EF09FC /* AuthConTableViewCell.swift in Sources */ = {isa = PBXBuildFile; fileRef = AD4B41451B2342FD00EF09FC /* AuthConTableViewCell.swift */; };
		AD4B41481B2342FD00EF09FC /* AuthConTableViewCell.xib in Resources */ = {isa = PBXBuildFile; fileRef = AD4B41461B2342FD00EF09FC /* AuthConTableViewCell.xib */; };
		AD5292631B68F0C400A719CB /* PrefFolderSelectionTableViewController.swift in Sources */ = {isa = PBXBuildFile; fileRef = AD5292611B68F0C400A719CB /* PrefFolderSelectionTableViewController.swift */; };
		AD5292641B68F0C400A719CB /* PrefFolderSelectionTableViewController.xib in Resources */ = {isa = PBXBuildFile; fileRef = AD5292621B68F0C400A719CB /* PrefFolderSelectionTableViewController.xib */; };
		AD6E5DF41B2DBDC5008B0488 /* PreferenceStandardAccountTableViewController.swift in Sources */ = {isa = PBXBuildFile; fileRef = AD6E5DF21B2DBDC5008B0488 /* PreferenceStandardAccountTableViewController.swift */; };
		AD6E5DF51B2DBDC5008B0488 /* PreferenceStandardAccountTableViewController.xib in Resources */ = {isa = PBXBuildFile; fileRef = AD6E5DF31B2DBDC5008B0488 /* PreferenceStandardAccountTableViewController.xib */; };
		AD6F67711B6D07C00015B79E /* libcrypto.a in Frameworks */ = {isa = PBXBuildFile; fileRef = AD6F676F1B6D07C00015B79E /* libcrypto.a */; };
		AD6F67721B6D07C00015B79E /* libssl.a in Frameworks */ = {isa = PBXBuildFile; fileRef = AD6F67701B6D07C00015B79E /* libssl.a */; };
		AD789D991B3050640001719E /* FeedbackViewController.xib in Resources */ = {isa = PBXBuildFile; fileRef = AD789D971B3050640001719E /* FeedbackViewController.xib */; };
		AD789D9A1B3050640001719E /* FeedbackViewController.swift in Sources */ = {isa = PBXBuildFile; fileRef = AD789D981B3050640001719E /* FeedbackViewController.swift */; };
		AD789D9D1B3054A00001719E /* Feedback.html in Resources */ = {isa = PBXBuildFile; fileRef = AD789D9C1B3054A00001719E /* Feedback.html */; };
		AD789DA21B319BC30001719E /* AboutUsViewController.swift in Sources */ = {isa = PBXBuildFile; fileRef = AD789DA01B319BC30001719E /* AboutUsViewController.swift */; };
		AD789DA31B319BC30001719E /* AboutUsViewController.xib in Resources */ = {isa = PBXBuildFile; fileRef = AD789DA11B319BC30001719E /* AboutUsViewController.xib */; };
		AD789DA51B31A4420001719E /* AboutUs.html in Resources */ = {isa = PBXBuildFile; fileRef = AD789DA41B31A4420001719E /* AboutUs.html */; };
		AD8540161B186083003F9C92 /* PreferenceTableViewController.swift in Sources */ = {isa = PBXBuildFile; fileRef = AD8540141B186083003F9C92 /* PreferenceTableViewController.swift */; };
		AD8540171B186083003F9C92 /* PreferenceTableViewController.xib in Resources */ = {isa = PBXBuildFile; fileRef = AD8540151B186083003F9C92 /* PreferenceTableViewController.xib */; };
		AD85401A1B18673F003F9C92 /* PreferenceTableViewCell.swift in Sources */ = {isa = PBXBuildFile; fileRef = AD8540181B18673F003F9C92 /* PreferenceTableViewCell.swift */; };
		AD85401B1B18673F003F9C92 /* PreferenceTableViewCell.xib in Resources */ = {isa = PBXBuildFile; fileRef = AD8540191B18673F003F9C92 /* PreferenceTableViewCell.xib */; };
		AD85401D1B186A7C003F9C92 /* ActionItem.swift in Sources */ = {isa = PBXBuildFile; fileRef = AD85401C1B186A7C003F9C92 /* ActionItem.swift */; };
		AD8744311B6A3C1900257AA5 /* RNCryptor.m in Sources */ = {isa = PBXBuildFile; fileRef = AD8744281B6A3C1900257AA5 /* RNCryptor.m */; };
		AD8744321B6A3C1900257AA5 /* RNCryptorEngine.m in Sources */ = {isa = PBXBuildFile; fileRef = AD87442C1B6A3C1900257AA5 /* RNCryptorEngine.m */; };
		AD8744331B6A3C1900257AA5 /* RNDecryptor.m in Sources */ = {isa = PBXBuildFile; fileRef = AD87442E1B6A3C1900257AA5 /* RNDecryptor.m */; };
		AD8744341B6A3C1900257AA5 /* RNEncryptor.m in Sources */ = {isa = PBXBuildFile; fileRef = AD8744301B6A3C1900257AA5 /* RNEncryptor.m */; };
		AD8744381B6A406200257AA5 /* MyRNEncryptor.m in Sources */ = {isa = PBXBuildFile; fileRef = AD8744371B6A406200257AA5 /* MyRNEncryptor.m */; };
		AD87443B1B6A42B500257AA5 /* SMileCrypto.swift in Sources */ = {isa = PBXBuildFile; fileRef = AD87443A1B6A42B500257AA5 /* SMileCrypto.swift */; };
		ADBF50AC1B68DD340057C2A1 /* PrefAccountBehaviorTableViewController.swift in Sources */ = {isa = PBXBuildFile; fileRef = ADBF50AA1B68DD340057C2A1 /* PrefAccountBehaviorTableViewController.swift */; };
		ADBF50AD1B68DD340057C2A1 /* PrefAccountBehaviorTableViewController.xib in Resources */ = {isa = PBXBuildFile; fileRef = ADBF50AB1B68DD340057C2A1 /* PrefAccountBehaviorTableViewController.xib */; };
		ADCAB63B1B3F21240060028E /* PreferencesPreviewLinesTableViewController.swift in Sources */ = {isa = PBXBuildFile; fileRef = ADCAB6391B3F21240060028E /* PreferencesPreviewLinesTableViewController.swift */; };
		ADCAB63C1B3F21240060028E /* PreferencesPreviewLinesTableViewController.xib in Resources */ = {isa = PBXBuildFile; fileRef = ADCAB63A1B3F21240060028E /* PreferencesPreviewLinesTableViewController.xib */; };
		ADD135C71B15B56300A9B31A /* KeyChainListTableViewController.swift in Sources */ = {isa = PBXBuildFile; fileRef = ADD135C01B15B56300A9B31A /* KeyChainListTableViewController.swift */; };
		ADD135C81B15B56300A9B31A /* KeyDetailViewController.swift in Sources */ = {isa = PBXBuildFile; fileRef = ADD135C11B15B56300A9B31A /* KeyDetailViewController.swift */; };
		ADD135C91B15B56300A9B31A /* KeyDetailViewController.xib in Resources */ = {isa = PBXBuildFile; fileRef = ADD135C21B15B56300A9B31A /* KeyDetailViewController.xib */; };
		ADD135CA1B15B56300A9B31A /* KeyItem.swift in Sources */ = {isa = PBXBuildFile; fileRef = ADD135C31B15B56300A9B31A /* KeyItem.swift */; };
		ADD135CB1B15B56300A9B31A /* KeyItemTableViewCell.swift in Sources */ = {isa = PBXBuildFile; fileRef = ADD135C41B15B56300A9B31A /* KeyItemTableViewCell.swift */; };
		ADD135CC1B15B56300A9B31A /* KeyItemTableViewCell.xib in Resources */ = {isa = PBXBuildFile; fileRef = ADD135C51B15B56300A9B31A /* KeyItemTableViewCell.xib */; };
		ADD135CD1B15B56300A9B31A /* SharedClassExtensions.swift in Sources */ = {isa = PBXBuildFile; fileRef = ADD135C61B15B56300A9B31A /* SharedClassExtensions.swift */; };
		ADD135D01B15C17500A9B31A /* KeyChainListTableViewController.xib in Resources */ = {isa = PBXBuildFile; fileRef = ADD135CF1B15C17500A9B31A /* KeyChainListTableViewController.xib */; };
		ADDE66021B1DC81D00880FA1 /* PreferenceEditAccountTableViewController.swift in Sources */ = {isa = PBXBuildFile; fileRef = ADDE66001B1DC81D00880FA1 /* PreferenceEditAccountTableViewController.swift */; };
		ADDE66031B1DC81D00880FA1 /* PreferenceEditAccountTableViewController.xib in Resources */ = {isa = PBXBuildFile; fileRef = ADDE66011B1DC81D00880FA1 /* PreferenceEditAccountTableViewController.xib */; };
		ADE770FF1B35E1C50008B449 /* smile_icon_blue.png in Resources */ = {isa = PBXBuildFile; fileRef = ADE770FE1B35E1C50008B449 /* smile_icon_blue.png */; };
/* End PBXBuildFile section */

/* Begin PBXContainerItemProxy section */
		3DF253C01AF7611D00B99BC8 /* PBXContainerItemProxy */ = {
			isa = PBXContainerItemProxy;
			containerPortal = 3DF2539F1AF7611D00B99BC8 /* Project object */;
			proxyType = 1;
			remoteGlobalIDString = 3DF253A61AF7611D00B99BC8;
			remoteInfo = SMile;
		};
/* End PBXContainerItemProxy section */

/* Begin PBXFileReference section */
		3D0FFD681B09E7E100C4F8F6 /* SidebarTableViewController.xib */ = {isa = PBXFileReference; fileEncoding = 4; lastKnownFileType = file.xib; path = SidebarTableViewController.xib; sourceTree = "<group>"; };
		3D0FFD6A1B0A22F100C4F8F6 /* SideBarTableViewCell.xib */ = {isa = PBXFileReference; fileEncoding = 4; lastKnownFileType = file.xib; path = SideBarTableViewCell.xib; sourceTree = "<group>"; };
		3D0FFD6C1B0A297700C4F8F6 /* ContentViewController.xib */ = {isa = PBXFileReference; fileEncoding = 4; lastKnownFileType = file.xib; path = ContentViewController.xib; sourceTree = "<group>"; };
		3D21286D1B2DF57100C9FC4C /* Email.swift */ = {isa = PBXFileReference; fileEncoding = 4; lastKnownFileType = sourcecode.swift; path = Email.swift; sourceTree = "<group>"; };
		3D2128711B2DF57200C9FC4C /* EmailAccount.swift */ = {isa = PBXFileReference; fileEncoding = 4; lastKnownFileType = sourcecode.swift; path = EmailAccount.swift; sourceTree = "<group>"; };
		3D3654E11B385566003B38F0 /* SideBarSubFolderTableViewCell.swift */ = {isa = PBXFileReference; fileEncoding = 4; lastKnownFileType = sourcecode.swift; path = SideBarSubFolderTableViewCell.swift; sourceTree = "<group>"; };
		3D3654E21B385566003B38F0 /* SideBarSubFolderTableViewCell.xib */ = {isa = PBXFileReference; fileEncoding = 4; lastKnownFileType = file.xib; path = SideBarSubFolderTableViewCell.xib; sourceTree = "<group>"; };
		3D37FFA81B01DBC200388F81 /* ContentViewController.swift */ = {isa = PBXFileReference; fileEncoding = 4; lastKnownFileType = sourcecode.swift; path = ContentViewController.swift; sourceTree = "<group>"; };
		3D58BC461B1CCEE700CCA5F0 /* IMAPFolderFetcher.swift */ = {isa = PBXFileReference; fileEncoding = 4; lastKnownFileType = sourcecode.swift; path = IMAPFolderFetcher.swift; sourceTree = "<group>"; };
		3D65A4CA1B53014E00E88CC7 /* triangle_bottom.png */ = {isa = PBXFileReference; lastKnownFileType = image.png; path = triangle_bottom.png; sourceTree = "<group>"; };
		3D65A4CB1B53014E00E88CC7 /* triangle_right.png */ = {isa = PBXFileReference; lastKnownFileType = image.png; path = triangle_right.png; sourceTree = "<group>"; };
		3D8D90E01B00A1F900D5135D /* SidebarTableViewController.swift */ = {isa = PBXFileReference; fileEncoding = 4; lastKnownFileType = sourcecode.swift; path = SidebarTableViewController.swift; sourceTree = "<group>"; };
		3D8D90E31B00A2CA00D5135D /* SideBarTableViewCell.swift */ = {isa = PBXFileReference; fileEncoding = 4; lastKnownFileType = sourcecode.swift; path = SideBarTableViewCell.swift; sourceTree = "<group>"; };
		3D9027521AF96D0D000D3E72 /* MailCore.framework */ = {isa = PBXFileReference; lastKnownFileType = wrapper.framework; name = MailCore.framework; path = ../Carthage/Build/iOS/MailCore.framework; sourceTree = "<group>"; };
		3D9027531AF96D0D000D3E72 /* SwiftyJSON.framework */ = {isa = PBXFileReference; lastKnownFileType = wrapper.framework; name = SwiftyJSON.framework; path = ../Carthage/Build/iOS/SwiftyJSON.framework; sourceTree = "<group>"; };
		3D90275D1AF97167000D3E72 /* CoreData.framework */ = {isa = PBXFileReference; lastKnownFileType = wrapper.framework; name = CoreData.framework; path = System/Library/Frameworks/CoreData.framework; sourceTree = SDKROOT; };
		3DA302941B2ED122003CE16A /* ImapFolder.swift */ = {isa = PBXFileReference; fileEncoding = 4; lastKnownFileType = sourcecode.swift; path = ImapFolder.swift; sourceTree = "<group>"; };
		3DA3029A1B321467003CE16A /* MCOIMAPFolderWrapper.h */ = {isa = PBXFileReference; fileEncoding = 4; lastKnownFileType = sourcecode.c.h; path = MCOIMAPFolderWrapper.h; sourceTree = "<group>"; };
		3DA3029B1B321467003CE16A /* MCOIMAPFolderWrapper.m */ = {isa = PBXFileReference; fileEncoding = 4; lastKnownFileType = sourcecode.c.objc; path = MCOIMAPFolderWrapper.m; sourceTree = "<group>"; };
		3DB242131B38BADB00095634 /* folder.png */ = {isa = PBXFileReference; lastKnownFileType = image.png; path = folder.png; sourceTree = "<group>"; };
		3DF253A71AF7611D00B99BC8 /* SMile.app */ = {isa = PBXFileReference; explicitFileType = wrapper.application; includeInIndex = 0; path = SMile.app; sourceTree = BUILT_PRODUCTS_DIR; };
		3DF253AB1AF7611D00B99BC8 /* Info.plist */ = {isa = PBXFileReference; lastKnownFileType = text.plist.xml; path = Info.plist; sourceTree = "<group>"; };
		3DF253AC1AF7611D00B99BC8 /* AppDelegate.swift */ = {isa = PBXFileReference; lastKnownFileType = sourcecode.swift; path = AppDelegate.swift; sourceTree = "<group>"; };
		3DF253AF1AF7611D00B99BC8 /* SMile.xcdatamodel */ = {isa = PBXFileReference; lastKnownFileType = wrapper.xcdatamodel; path = SMile.xcdatamodel; sourceTree = "<group>"; };
		3DF253B11AF7611D00B99BC8 /* ContainerViewController.swift */ = {isa = PBXFileReference; lastKnownFileType = sourcecode.swift; path = ContainerViewController.swift; sourceTree = "<group>"; };
		3DF253B41AF7611D00B99BC8 /* Base */ = {isa = PBXFileReference; lastKnownFileType = file.storyboard; name = Base; path = Base.lproj/Main.storyboard; sourceTree = "<group>"; };
		3DF253B61AF7611D00B99BC8 /* Images.xcassets */ = {isa = PBXFileReference; lastKnownFileType = folder.assetcatalog; path = Images.xcassets; sourceTree = "<group>"; };
		3DF253B91AF7611D00B99BC8 /* Base */ = {isa = PBXFileReference; lastKnownFileType = file.xib; name = Base; path = Base.lproj/LaunchScreen.xib; sourceTree = "<group>"; };
		3DF253BF1AF7611D00B99BC8 /* SMileTests.xctest */ = {isa = PBXFileReference; explicitFileType = wrapper.cfbundle; includeInIndex = 0; path = SMileTests.xctest; sourceTree = BUILT_PRODUCTS_DIR; };
		3DF253C41AF7611E00B99BC8 /* Info.plist */ = {isa = PBXFileReference; lastKnownFileType = text.plist.xml; path = Info.plist; sourceTree = "<group>"; };
		3DF253C51AF7611E00B99BC8 /* SMileTests.swift */ = {isa = PBXFileReference; lastKnownFileType = sourcecode.swift; path = SMileTests.swift; sourceTree = "<group>"; };
		3DF253E91AF76A6A00B99BC8 /* MailCore2-Bridging-Header.h */ = {isa = PBXFileReference; lastKnownFileType = sourcecode.c.h; name = "MailCore2-Bridging-Header.h"; path = "SMileTests/MailCore2-Bridging-Header.h"; sourceTree = SOURCE_ROOT; };
		5B66C33D1B4E660600BDF3D6 /* IMAPFunctions.swift */ = {isa = PBXFileReference; fileEncoding = 4; lastKnownFileType = sourcecode.swift; path = IMAPFunctions.swift; sourceTree = "<group>"; };
		5B7EAB071B31870800B888BD /* archive.png */ = {isa = PBXFileReference; lastKnownFileType = image.png; path = archive.png; sourceTree = "<group>"; };
		5B8948FA1B317DAA0064F3C0 /* Trash.png */ = {isa = PBXFileReference; lastKnownFileType = image.png; path = Trash.png; sourceTree = "<group>"; };
		5B8B6E0A1B2455E60087B124 /* bluedot@2x.png */ = {isa = PBXFileReference; lastKnownFileType = image.png; path = "bluedot@2x.png"; sourceTree = "<group>"; };
		8E1441161B1DEFFA00F1A023 /* SendViewCellWithLabelAndTextField.swift */ = {isa = PBXFileReference; fileEncoding = 4; lastKnownFileType = sourcecode.swift; path = SendViewCellWithLabelAndTextField.swift; sourceTree = "<group>"; };
		8E14411B1B1DF78E00F1A023 /* SendViewCellWithLabelAndTextField.xib */ = {isa = PBXFileReference; fileEncoding = 4; lastKnownFileType = file.xib; path = SendViewCellWithLabelAndTextField.xib; sourceTree = "<group>"; };
		8E450B941B15BBF0001E37B9 /* CustomMailTableViewCell.swift */ = {isa = PBXFileReference; fileEncoding = 4; lastKnownFileType = sourcecode.swift; path = CustomMailTableViewCell.swift; sourceTree = "<group>"; };
		8E450B951B15BBF0001E37B9 /* CustomMailTableViewCell.xib */ = {isa = PBXFileReference; fileEncoding = 4; lastKnownFileType = file.xib; path = CustomMailTableViewCell.xib; sourceTree = "<group>"; };
		8E450B991B15BBF0001E37B9 /* MailSendViewController.swift */ = {isa = PBXFileReference; fileEncoding = 4; lastKnownFileType = sourcecode.swift; path = MailSendViewController.swift; sourceTree = "<group>"; };
		8E450B9B1B15BBF0001E37B9 /* MailTableViewController.swift */ = {isa = PBXFileReference; fileEncoding = 4; lastKnownFileType = sourcecode.swift; path = MailTableViewController.swift; sourceTree = "<group>"; };
		8E450B9C1B15BBF0001E37B9 /* MailTableViewController.xib */ = {isa = PBXFileReference; fileEncoding = 4; lastKnownFileType = file.xib; path = MailTableViewController.xib; sourceTree = "<group>"; };
		8E450B9F1B15BBF0001E37B9 /* MCOCIDURLProtocol.h */ = {isa = PBXFileReference; fileEncoding = 4; lastKnownFileType = sourcecode.c.h; path = MCOCIDURLProtocol.h; sourceTree = "<group>"; };
		8E450BA01B15BBF0001E37B9 /* MCOCIDURLProtocol.mm */ = {isa = PBXFileReference; fileEncoding = 4; lastKnownFileType = sourcecode.cpp.objcpp; path = MCOCIDURLProtocol.mm; sourceTree = "<group>"; };
		8E450BA11B15BBF0001E37B9 /* MCOMessageView.h */ = {isa = PBXFileReference; fileEncoding = 4; lastKnownFileType = sourcecode.c.h; path = MCOMessageView.h; sourceTree = "<group>"; };
		8E450BA21B15BBF0001E37B9 /* MCOMessageView.mm */ = {isa = PBXFileReference; fileEncoding = 4; lastKnownFileType = sourcecode.cpp.objcpp; path = MCOMessageView.mm; sourceTree = "<group>"; };
		8E450BA31B15BBF0001E37B9 /* MCTMsgViewController.h */ = {isa = PBXFileReference; fileEncoding = 4; lastKnownFileType = sourcecode.c.h; path = MCTMsgViewController.h; sourceTree = "<group>"; };
		8E450BA41B15BBF0001E37B9 /* MCTMsgViewController.mm */ = {isa = PBXFileReference; fileEncoding = 4; lastKnownFileType = sourcecode.cpp.objcpp; path = MCTMsgViewController.mm; sourceTree = "<group>"; };
		8E450BB71B15BD2F001E37B9 /* CoreImage.framework */ = {isa = PBXFileReference; lastKnownFileType = wrapper.framework; name = CoreImage.framework; path = System/Library/Frameworks/CoreImage.framework; sourceTree = SDKROOT; };
		8E450BB91B15BD35001E37B9 /* ImageIO.framework */ = {isa = PBXFileReference; lastKnownFileType = wrapper.framework; name = ImageIO.framework; path = System/Library/Frameworks/ImageIO.framework; sourceTree = SDKROOT; };
		8E57385A1B1B19C8009AA28A /* WebViewController.swift */ = {isa = PBXFileReference; fileEncoding = 4; lastKnownFileType = sourcecode.swift; path = WebViewController.swift; sourceTree = "<group>"; };
		8E63CE531B53E00600DC9B04 /* MoveEmailViewController.swift */ = {isa = PBXFileReference; fileEncoding = 4; lastKnownFileType = sourcecode.swift; path = MoveEmailViewController.swift; sourceTree = "<group>"; };
		8E63CE551B53E03E00DC9B04 /* MoveEmailViewController.xib */ = {isa = PBXFileReference; fileEncoding = 4; lastKnownFileType = file.xib; path = MoveEmailViewController.xib; sourceTree = "<group>"; };
		8E6E35311B25C71100449DC3 /* SendViewCellWithTextView.swift */ = {isa = PBXFileReference; fileEncoding = 4; lastKnownFileType = sourcecode.swift; path = SendViewCellWithTextView.swift; sourceTree = "<group>"; };
		8E6E35331B25C74C00449DC3 /* SendViewCellWithTextView.xib */ = {isa = PBXFileReference; fileEncoding = 4; lastKnownFileType = file.xib; path = SendViewCellWithTextView.xib; sourceTree = "<group>"; };
		A917E1FF1B208ADF0069BC91 /* MailSendViewController.xib */ = {isa = PBXFileReference; fileEncoding = 4; lastKnownFileType = file.xib; path = MailSendViewController.xib; sourceTree = "<group>"; };
		AD0100A21B19EDB1009E4E18 /* PreferenceAccountListTableViewController.swift */ = {isa = PBXFileReference; fileEncoding = 4; lastKnownFileType = sourcecode.swift; path = PreferenceAccountListTableViewController.swift; sourceTree = "<group>"; };
		AD0100A31B19EDB1009E4E18 /* PreferenceAccountListTableViewController.xib */ = {isa = PBXFileReference; fileEncoding = 4; lastKnownFileType = file.xib; path = PreferenceAccountListTableViewController.xib; sourceTree = "<group>"; };
		AD1255DB1B1A223A005EA5CE /* ios7-plus.png */ = {isa = PBXFileReference; lastKnownFileType = image.png; path = "ios7-plus.png"; sourceTree = "<group>"; };
		AD1255DD1B1A2B6C005EA5CE /* Gmail-128.png */ = {isa = PBXFileReference; lastKnownFileType = image.png; path = "Gmail-128.png"; sourceTree = "<group>"; };
		AD1255DF1B1A302F005EA5CE /* sources.txt */ = {isa = PBXFileReference; fileEncoding = 4; lastKnownFileType = text; path = sources.txt; sourceTree = "<group>"; };
		AD16B2211B1C594B001645A5 /* PreferenceAccountTableViewCell.swift */ = {isa = PBXFileReference; fileEncoding = 4; lastKnownFileType = sourcecode.swift; path = PreferenceAccountTableViewCell.swift; sourceTree = "<group>"; };
		AD16B2221B1C594B001645A5 /* PreferenceAccountTableViewCell.xib */ = {isa = PBXFileReference; fileEncoding = 4; lastKnownFileType = file.xib; path = PreferenceAccountTableViewCell.xib; sourceTree = "<group>"; };
		AD187B1B1B1FB4C2007806D9 /* Locksmith.swift */ = {isa = PBXFileReference; fileEncoding = 4; lastKnownFileType = sourcecode.swift; path = Locksmith.swift; sourceTree = "<group>"; };
		AD187B1C1B1FB4C2007806D9 /* LocksmithRequest.swift */ = {isa = PBXFileReference; fileEncoding = 4; lastKnownFileType = sourcecode.swift; path = LocksmithRequest.swift; sourceTree = "<group>"; };
		AD1CDFDF1B283DED00E05B66 /* SwitchTableViewCell.swift */ = {isa = PBXFileReference; fileEncoding = 4; lastKnownFileType = sourcecode.swift; path = SwitchTableViewCell.swift; sourceTree = "<group>"; };
		AD1CDFE01B283DED00E05B66 /* SwitchTableViewCell.xib */ = {isa = PBXFileReference; fileEncoding = 4; lastKnownFileType = file.xib; path = SwitchTableViewCell.xib; sourceTree = "<group>"; };
		AD24BE1F1B23042500804732 /* EmailAccountSupport.swift */ = {isa = PBXFileReference; fileEncoding = 4; lastKnownFileType = sourcecode.swift; path = EmailAccountSupport.swift; sourceTree = "<group>"; };
		AD44E0211B1AFE0300751FFA /* smile-gray.png */ = {isa = PBXFileReference; lastKnownFileType = image.png; path = "smile-gray.png"; sourceTree = "<group>"; };
		AD44E0231B1B017900751FFA /* outlook.png */ = {isa = PBXFileReference; lastKnownFileType = image.png; path = outlook.png; sourceTree = "<group>"; };
		AD44E0241B1B017900751FFA /* Yahoo-icon.png */ = {isa = PBXFileReference; lastKnownFileType = image.png; path = "Yahoo-icon.png"; sourceTree = "<group>"; };
		AD44E0251B1B017900751FFA /* gmx.png */ = {isa = PBXFileReference; lastKnownFileType = image.png; path = gmx.png; sourceTree = "<group>"; };
		AD44E0261B1B017900751FFA /* webde.png */ = {isa = PBXFileReference; lastKnownFileType = image.png; path = webde.png; sourceTree = "<group>"; };
		AD44E02F1B1B22E700751FFA /* TextfieldWithPadding.swift */ = {isa = PBXFileReference; fileEncoding = 4; lastKnownFileType = sourcecode.swift; path = TextfieldWithPadding.swift; sourceTree = "<group>"; };
		AD44E0351B1B51ED00751FFA /* icloud-icon.png */ = {isa = PBXFileReference; lastKnownFileType = image.png; path = "icloud-icon.png"; sourceTree = "<group>"; };
		AD44E0371B1B528400751FFA /* fau-logo.png */ = {isa = PBXFileReference; lastKnownFileType = image.png; path = "fau-logo.png"; sourceTree = "<group>"; };
		AD4B413D1B233EC500EF09FC /* AuthConTableViewController.swift */ = {isa = PBXFileReference; fileEncoding = 4; lastKnownFileType = sourcecode.swift; path = AuthConTableViewController.swift; sourceTree = "<group>"; };
		AD4B413E1B233EC500EF09FC /* AuthConTableViewController.xib */ = {isa = PBXFileReference; fileEncoding = 4; lastKnownFileType = file.xib; path = AuthConTableViewController.xib; sourceTree = "<group>"; };
		AD4B41451B2342FD00EF09FC /* AuthConTableViewCell.swift */ = {isa = PBXFileReference; fileEncoding = 4; lastKnownFileType = sourcecode.swift; path = AuthConTableViewCell.swift; sourceTree = "<group>"; };
		AD4B41461B2342FD00EF09FC /* AuthConTableViewCell.xib */ = {isa = PBXFileReference; fileEncoding = 4; lastKnownFileType = file.xib; path = AuthConTableViewCell.xib; sourceTree = "<group>"; };
		AD5292611B68F0C400A719CB /* PrefFolderSelectionTableViewController.swift */ = {isa = PBXFileReference; fileEncoding = 4; lastKnownFileType = sourcecode.swift; path = PrefFolderSelectionTableViewController.swift; sourceTree = "<group>"; };
		AD5292621B68F0C400A719CB /* PrefFolderSelectionTableViewController.xib */ = {isa = PBXFileReference; fileEncoding = 4; lastKnownFileType = file.xib; path = PrefFolderSelectionTableViewController.xib; sourceTree = "<group>"; };
		AD6E5DF21B2DBDC5008B0488 /* PreferenceStandardAccountTableViewController.swift */ = {isa = PBXFileReference; fileEncoding = 4; lastKnownFileType = sourcecode.swift; path = PreferenceStandardAccountTableViewController.swift; sourceTree = "<group>"; };
		AD6E5DF31B2DBDC5008B0488 /* PreferenceStandardAccountTableViewController.xib */ = {isa = PBXFileReference; fileEncoding = 4; lastKnownFileType = file.xib; path = PreferenceStandardAccountTableViewController.xib; sourceTree = "<group>"; };
		AD6F676F1B6D07C00015B79E /* libcrypto.a */ = {isa = PBXFileReference; lastKnownFileType = archive.ar; name = libcrypto.a; path = ../OpenSSL/lib/iOS/libcrypto.a; sourceTree = "<group>"; };
		AD6F67701B6D07C00015B79E /* libssl.a */ = {isa = PBXFileReference; lastKnownFileType = archive.ar; name = libssl.a; path = ../OpenSSL/lib/iOS/libssl.a; sourceTree = "<group>"; };
		AD789D971B3050640001719E /* FeedbackViewController.xib */ = {isa = PBXFileReference; fileEncoding = 4; lastKnownFileType = file.xib; path = FeedbackViewController.xib; sourceTree = "<group>"; };
		AD789D981B3050640001719E /* FeedbackViewController.swift */ = {isa = PBXFileReference; fileEncoding = 4; lastKnownFileType = sourcecode.swift; path = FeedbackViewController.swift; sourceTree = "<group>"; };
		AD789D9C1B3054A00001719E /* Feedback.html */ = {isa = PBXFileReference; fileEncoding = 4; lastKnownFileType = text.html; name = Feedback.html; path = HTML_Files/Feedback.html; sourceTree = "<group>"; };
		AD789DA01B319BC30001719E /* AboutUsViewController.swift */ = {isa = PBXFileReference; fileEncoding = 4; lastKnownFileType = sourcecode.swift; path = AboutUsViewController.swift; sourceTree = "<group>"; };
		AD789DA11B319BC30001719E /* AboutUsViewController.xib */ = {isa = PBXFileReference; fileEncoding = 4; lastKnownFileType = file.xib; path = AboutUsViewController.xib; sourceTree = "<group>"; };
		AD789DA41B31A4420001719E /* AboutUs.html */ = {isa = PBXFileReference; fileEncoding = 4; lastKnownFileType = text.html; name = AboutUs.html; path = HTML_Files/AboutUs.html; sourceTree = "<group>"; };
		AD8540141B186083003F9C92 /* PreferenceTableViewController.swift */ = {isa = PBXFileReference; fileEncoding = 4; lastKnownFileType = sourcecode.swift; path = PreferenceTableViewController.swift; sourceTree = "<group>"; };
		AD8540151B186083003F9C92 /* PreferenceTableViewController.xib */ = {isa = PBXFileReference; fileEncoding = 4; lastKnownFileType = file.xib; path = PreferenceTableViewController.xib; sourceTree = "<group>"; };
		AD8540181B18673F003F9C92 /* PreferenceTableViewCell.swift */ = {isa = PBXFileReference; fileEncoding = 4; lastKnownFileType = sourcecode.swift; path = PreferenceTableViewCell.swift; sourceTree = "<group>"; };
		AD8540191B18673F003F9C92 /* PreferenceTableViewCell.xib */ = {isa = PBXFileReference; fileEncoding = 4; lastKnownFileType = file.xib; path = PreferenceTableViewCell.xib; sourceTree = "<group>"; };
		AD85401C1B186A7C003F9C92 /* ActionItem.swift */ = {isa = PBXFileReference; fileEncoding = 4; lastKnownFileType = sourcecode.swift; path = ActionItem.swift; sourceTree = "<group>"; };
		AD8744261B6A3C1900257AA5 /* RNCryptor-Prefix.pch */ = {isa = PBXFileReference; fileEncoding = 4; lastKnownFileType = sourcecode.c.h; name = "RNCryptor-Prefix.pch"; path = "Supporting Files/RNCryptor/RNCryptor-Prefix.pch"; sourceTree = "<group>"; };
		AD8744271B6A3C1900257AA5 /* RNCryptor.h */ = {isa = PBXFileReference; fileEncoding = 4; lastKnownFileType = sourcecode.c.h; name = RNCryptor.h; path = "Supporting Files/RNCryptor/RNCryptor.h"; sourceTree = "<group>"; };
		AD8744281B6A3C1900257AA5 /* RNCryptor.m */ = {isa = PBXFileReference; fileEncoding = 4; lastKnownFileType = sourcecode.c.objc; name = RNCryptor.m; path = "Supporting Files/RNCryptor/RNCryptor.m"; sourceTree = "<group>"; };
		AD8744291B6A3C1900257AA5 /* RNCryptor+Private.h */ = {isa = PBXFileReference; fileEncoding = 4; lastKnownFileType = sourcecode.c.h; name = "RNCryptor+Private.h"; path = "Supporting Files/RNCryptor/RNCryptor+Private.h"; sourceTree = "<group>"; };
		AD87442A1B6A3C1900257AA5 /* RNCryptor+Swift.h */ = {isa = PBXFileReference; fileEncoding = 4; lastKnownFileType = sourcecode.c.h; name = "RNCryptor+Swift.h"; path = "Supporting Files/RNCryptor/RNCryptor+Swift.h"; sourceTree = "<group>"; };
		AD87442B1B6A3C1900257AA5 /* RNCryptorEngine.h */ = {isa = PBXFileReference; fileEncoding = 4; lastKnownFileType = sourcecode.c.h; name = RNCryptorEngine.h; path = "Supporting Files/RNCryptor/RNCryptorEngine.h"; sourceTree = "<group>"; };
		AD87442C1B6A3C1900257AA5 /* RNCryptorEngine.m */ = {isa = PBXFileReference; fileEncoding = 4; lastKnownFileType = sourcecode.c.objc; name = RNCryptorEngine.m; path = "Supporting Files/RNCryptor/RNCryptorEngine.m"; sourceTree = "<group>"; };
		AD87442D1B6A3C1900257AA5 /* RNDecryptor.h */ = {isa = PBXFileReference; fileEncoding = 4; lastKnownFileType = sourcecode.c.h; name = RNDecryptor.h; path = "Supporting Files/RNCryptor/RNDecryptor.h"; sourceTree = "<group>"; };
		AD87442E1B6A3C1900257AA5 /* RNDecryptor.m */ = {isa = PBXFileReference; fileEncoding = 4; lastKnownFileType = sourcecode.c.objc; name = RNDecryptor.m; path = "Supporting Files/RNCryptor/RNDecryptor.m"; sourceTree = "<group>"; };
		AD87442F1B6A3C1900257AA5 /* RNEncryptor.h */ = {isa = PBXFileReference; fileEncoding = 4; lastKnownFileType = sourcecode.c.h; name = RNEncryptor.h; path = "Supporting Files/RNCryptor/RNEncryptor.h"; sourceTree = "<group>"; };
		AD8744301B6A3C1900257AA5 /* RNEncryptor.m */ = {isa = PBXFileReference; fileEncoding = 4; lastKnownFileType = sourcecode.c.objc; name = RNEncryptor.m; path = "Supporting Files/RNCryptor/RNEncryptor.m"; sourceTree = "<group>"; };
		AD8744351B6A3FAE00257AA5 /* MyRNEncryptor.h */ = {isa = PBXFileReference; fileEncoding = 4; lastKnownFileType = sourcecode.c.h; name = MyRNEncryptor.h; path = "Supporting Files/RNCryptor/MyRNEncryptor.h"; sourceTree = "<group>"; };
		AD8744371B6A406200257AA5 /* MyRNEncryptor.m */ = {isa = PBXFileReference; fileEncoding = 4; lastKnownFileType = sourcecode.c.objc; name = MyRNEncryptor.m; path = "Supporting Files/RNCryptor/MyRNEncryptor.m"; sourceTree = "<group>"; };
		AD87443A1B6A42B500257AA5 /* SMileCrypto.swift */ = {isa = PBXFileReference; fileEncoding = 4; lastKnownFileType = sourcecode.swift; name = SMileCrypto.swift; path = SMile_Crypto/SMileCrypto.swift; sourceTree = "<group>"; };
		ADBF50AA1B68DD340057C2A1 /* PrefAccountBehaviorTableViewController.swift */ = {isa = PBXFileReference; fileEncoding = 4; lastKnownFileType = sourcecode.swift; path = PrefAccountBehaviorTableViewController.swift; sourceTree = "<group>"; };
		ADBF50AB1B68DD340057C2A1 /* PrefAccountBehaviorTableViewController.xib */ = {isa = PBXFileReference; fileEncoding = 4; lastKnownFileType = file.xib; path = PrefAccountBehaviorTableViewController.xib; sourceTree = "<group>"; };
		ADCAB6391B3F21240060028E /* PreferencesPreviewLinesTableViewController.swift */ = {isa = PBXFileReference; fileEncoding = 4; lastKnownFileType = sourcecode.swift; path = PreferencesPreviewLinesTableViewController.swift; sourceTree = "<group>"; };
		ADCAB63A1B3F21240060028E /* PreferencesPreviewLinesTableViewController.xib */ = {isa = PBXFileReference; fileEncoding = 4; lastKnownFileType = file.xib; path = PreferencesPreviewLinesTableViewController.xib; sourceTree = "<group>"; };
		ADD135C01B15B56300A9B31A /* KeyChainListTableViewController.swift */ = {isa = PBXFileReference; fileEncoding = 4; lastKnownFileType = sourcecode.swift; path = KeyChainListTableViewController.swift; sourceTree = "<group>"; };
		ADD135C11B15B56300A9B31A /* KeyDetailViewController.swift */ = {isa = PBXFileReference; fileEncoding = 4; lastKnownFileType = sourcecode.swift; path = KeyDetailViewController.swift; sourceTree = "<group>"; };
		ADD135C21B15B56300A9B31A /* KeyDetailViewController.xib */ = {isa = PBXFileReference; fileEncoding = 4; lastKnownFileType = file.xib; path = KeyDetailViewController.xib; sourceTree = "<group>"; };
		ADD135C31B15B56300A9B31A /* KeyItem.swift */ = {isa = PBXFileReference; fileEncoding = 4; lastKnownFileType = sourcecode.swift; path = KeyItem.swift; sourceTree = "<group>"; };
		ADD135C41B15B56300A9B31A /* KeyItemTableViewCell.swift */ = {isa = PBXFileReference; fileEncoding = 4; lastKnownFileType = sourcecode.swift; path = KeyItemTableViewCell.swift; sourceTree = "<group>"; };
		ADD135C51B15B56300A9B31A /* KeyItemTableViewCell.xib */ = {isa = PBXFileReference; fileEncoding = 4; lastKnownFileType = file.xib; path = KeyItemTableViewCell.xib; sourceTree = "<group>"; };
		ADD135C61B15B56300A9B31A /* SharedClassExtensions.swift */ = {isa = PBXFileReference; fileEncoding = 4; lastKnownFileType = sourcecode.swift; path = SharedClassExtensions.swift; sourceTree = "<group>"; };
		ADD135CF1B15C17500A9B31A /* KeyChainListTableViewController.xib */ = {isa = PBXFileReference; fileEncoding = 4; lastKnownFileType = file.xib; path = KeyChainListTableViewController.xib; sourceTree = "<group>"; };
		ADDE66001B1DC81D00880FA1 /* PreferenceEditAccountTableViewController.swift */ = {isa = PBXFileReference; fileEncoding = 4; lastKnownFileType = sourcecode.swift; path = PreferenceEditAccountTableViewController.swift; sourceTree = "<group>"; };
		ADDE66011B1DC81D00880FA1 /* PreferenceEditAccountTableViewController.xib */ = {isa = PBXFileReference; fileEncoding = 4; lastKnownFileType = file.xib; path = PreferenceEditAccountTableViewController.xib; sourceTree = "<group>"; };
		ADE770FE1B35E1C50008B449 /* smile_icon_blue.png */ = {isa = PBXFileReference; lastKnownFileType = image.png; path = smile_icon_blue.png; sourceTree = "<group>"; };
/* End PBXFileReference section */

/* Begin PBXFrameworksBuildPhase section */
		3DF253A41AF7611D00B99BC8 /* Frameworks */ = {
			isa = PBXFrameworksBuildPhase;
			buildActionMask = 2147483647;
			files = (
				8E450BBA1B15BD35001E37B9 /* ImageIO.framework in Frameworks */,
				8E450BB81B15BD2F001E37B9 /* CoreImage.framework in Frameworks */,
				3D90275E1AF97167000D3E72 /* CoreData.framework in Frameworks */,
				3D9027541AF96D0D000D3E72 /* MailCore.framework in Frameworks */,
				3D9027551AF96D0D000D3E72 /* SwiftyJSON.framework in Frameworks */,
				AD6F67711B6D07C00015B79E /* libcrypto.a in Frameworks */,
				AD6F67721B6D07C00015B79E /* libssl.a in Frameworks */,
			);
			runOnlyForDeploymentPostprocessing = 0;
		};
		3DF253BC1AF7611D00B99BC8 /* Frameworks */ = {
			isa = PBXFrameworksBuildPhase;
			buildActionMask = 2147483647;
			files = (
			);
			runOnlyForDeploymentPostprocessing = 0;
		};
/* End PBXFrameworksBuildPhase section */

/* Begin PBXGroup section */
		3D3654E01B3854A4003B38F0 /* SideBarItems */ = {
			isa = PBXGroup;
			children = (
				3D3654E11B385566003B38F0 /* SideBarSubFolderTableViewCell.swift */,
				3D3654E21B385566003B38F0 /* SideBarSubFolderTableViewCell.xib */,
				3D8D90E31B00A2CA00D5135D /* SideBarTableViewCell.swift */,
				3D0FFD6A1B0A22F100C4F8F6 /* SideBarTableViewCell.xib */,
			);
			name = SideBarItems;
			sourceTree = "<group>";
		};
		3D58BC451B1CCE0C00CCA5F0 /* Sidebar */ = {
			isa = PBXGroup;
			children = (
				3DF253B11AF7611D00B99BC8 /* ContainerViewController.swift */,
				3D37FFA81B01DBC200388F81 /* ContentViewController.swift */,
				3D0FFD6C1B0A297700C4F8F6 /* ContentViewController.xib */,
				3D8D90E01B00A1F900D5135D /* SidebarTableViewController.swift */,
				3D0FFD681B09E7E100C4F8F6 /* SidebarTableViewController.xib */,
			);
			name = Sidebar;
			sourceTree = "<group>";
		};
		3D8D90DF1B00A1DE00D5135D /* ViewController */ = {
			isa = PBXGroup;
			children = (
				ADD135C01B15B56300A9B31A /* KeyChainListTableViewController.swift */,
				ADD135CF1B15C17500A9B31A /* KeyChainListTableViewController.xib */,
				ADD135C11B15B56300A9B31A /* KeyDetailViewController.swift */,
				ADD135C21B15B56300A9B31A /* KeyDetailViewController.xib */,
				8E450B991B15BBF0001E37B9 /* MailSendViewController.swift */,
				A917E1FF1B208ADF0069BC91 /* MailSendViewController.xib */,
				8E450B9B1B15BBF0001E37B9 /* MailTableViewController.swift */,
				8E450B9C1B15BBF0001E37B9 /* MailTableViewController.xib */,
				8E63CE531B53E00600DC9B04 /* MoveEmailViewController.swift */,
				8E63CE551B53E03E00DC9B04 /* MoveEmailViewController.xib */,
				8E57385A1B1B19C8009AA28A /* WebViewController.swift */,
				3D58BC451B1CCE0C00CCA5F0 /* Sidebar */,
				AD0100A01B19EC99009E4E18 /* Preferences */,
			);
			name = ViewController;
			sourceTree = "<group>";
		};
		3D8D90E21B00A2AF00D5135D /* UI */ = {
			isa = PBXGroup;
			children = (
				8E450B941B15BBF0001E37B9 /* CustomMailTableViewCell.swift */,
				8E450B951B15BBF0001E37B9 /* CustomMailTableViewCell.xib */,
				ADD135C41B15B56300A9B31A /* KeyItemTableViewCell.swift */,
				ADD135C51B15B56300A9B31A /* KeyItemTableViewCell.xib */,
				AD44E02F1B1B22E700751FFA /* TextfieldWithPadding.swift */,
				AD0100A11B19ECC4009E4E18 /* Preferences */,
				8E1441181B1DF00500F1A023 /* SendView */,
				3D3654E01B3854A4003B38F0 /* SideBarItems */,
			);
			name = UI;
			sourceTree = "<group>";
		};
		3D9027561AF970A2000D3E72 /* CoreData */ = {
			isa = PBXGroup;
			children = (
				3D2128711B2DF57200C9FC4C /* EmailAccount.swift */,
				3D21286D1B2DF57100C9FC4C /* Email.swift */,
				3DA302941B2ED122003CE16A /* ImapFolder.swift */,
				3DA3029A1B321467003CE16A /* MCOIMAPFolderWrapper.h */,
				3DA3029B1B321467003CE16A /* MCOIMAPFolderWrapper.m */,
				3DF253AE1AF7611D00B99BC8 /* SMile.xcdatamodeld */,
			);
			name = CoreData;
			sourceTree = "<group>";
		};
		3DA3029D1B3215C0003CE16A /* Utility */ = {
			isa = PBXGroup;
			children = (
				3D58BC461B1CCEE700CCA5F0 /* IMAPFolderFetcher.swift */,
				5B66C33D1B4E660600BDF3D6 /* IMAPFunctions.swift */,
				8E450B9F1B15BBF0001E37B9 /* MCOCIDURLProtocol.h */,
				8E450BA01B15BBF0001E37B9 /* MCOCIDURLProtocol.mm */,
				8E450BA11B15BBF0001E37B9 /* MCOMessageView.h */,
				8E450BA21B15BBF0001E37B9 /* MCOMessageView.mm */,
				8E450BA31B15BBF0001E37B9 /* MCTMsgViewController.h */,
				8E450BA41B15BBF0001E37B9 /* MCTMsgViewController.mm */,
			);
			name = Utility;
			sourceTree = "<group>";
		};
		3DF2539E1AF7611D00B99BC8 = {
			isa = PBXGroup;
			children = (
				3DF253A91AF7611D00B99BC8 /* SMile */,
				3DF253C21AF7611E00B99BC8 /* SMileTests */,
				3DF253A81AF7611D00B99BC8 /* Products */,
			);
			sourceTree = "<group>";
		};
		3DF253A81AF7611D00B99BC8 /* Products */ = {
			isa = PBXGroup;
			children = (
				3DF253A71AF7611D00B99BC8 /* SMile.app */,
				3DF253BF1AF7611D00B99BC8 /* SMileTests.xctest */,
			);
			name = Products;
			sourceTree = "<group>";
		};
		3DF253A91AF7611D00B99BC8 /* SMile */ = {
			isa = PBXGroup;
			children = (
				AD789D9B1B3054420001719E /* HTML_Files */,
				AD1255DA1B1A2207005EA5CE /* Icons */,
				3DF253AC1AF7611D00B99BC8 /* AppDelegate.swift */,
				3D8D90E21B00A2AF00D5135D /* UI */,
				3D9027561AF970A2000D3E72 /* CoreData */,
				ADD135CE1B15B5C200A9B31A /* Model */,
				3D8D90DF1B00A1DE00D5135D /* ViewController */,
				3DA3029D1B3215C0003CE16A /* Utility */,
				AD8744391B6A412E00257AA5 /* SMile_Crypto */,
				3DF253B31AF7611D00B99BC8 /* Main.storyboard */,
				3DF253B61AF7611D00B99BC8 /* Images.xcassets */,
				3DF253B81AF7611D00B99BC8 /* LaunchScreen.xib */,
				3DF253AA1AF7611D00B99BC8 /* Supporting Files */,
			);
			path = SMile;
			sourceTree = "<group>";
		};
		3DF253AA1AF7611D00B99BC8 /* Supporting Files */ = {
			isa = PBXGroup;
			children = (
				AD6F676F1B6D07C00015B79E /* libcrypto.a */,
				AD6F67701B6D07C00015B79E /* libssl.a */,
				3D90275D1AF97167000D3E72 /* CoreData.framework */,
				8E450BB91B15BD35001E37B9 /* ImageIO.framework */,
				8E450BB71B15BD2F001E37B9 /* CoreImage.framework */,
				3D9027521AF96D0D000D3E72 /* MailCore.framework */,
				3D9027531AF96D0D000D3E72 /* SwiftyJSON.framework */,
				AD187B1F1B1FB4D8007806D9 /* Locksmith */,
				AD8744161B6A3B7600257AA5 /* RNCryptor */,
				AD24BE1F1B23042500804732 /* EmailAccountSupport.swift */,
				3DF253AB1AF7611D00B99BC8 /* Info.plist */,
				3DF253E91AF76A6A00B99BC8 /* MailCore2-Bridging-Header.h */,
				ADD135C61B15B56300A9B31A /* SharedClassExtensions.swift */,
			);
			name = "Supporting Files";
			sourceTree = "<group>";
		};
		3DF253C21AF7611E00B99BC8 /* SMileTests */ = {
			isa = PBXGroup;
			children = (
				3DF253C51AF7611E00B99BC8 /* SMileTests.swift */,
				3DF253C31AF7611E00B99BC8 /* Supporting Files */,
			);
			path = SMileTests;
			sourceTree = "<group>";
		};
		3DF253C31AF7611E00B99BC8 /* Supporting Files */ = {
			isa = PBXGroup;
			children = (
				3DF253C41AF7611E00B99BC8 /* Info.plist */,
			);
			name = "Supporting Files";
			sourceTree = "<group>";
		};
		8E1441181B1DF00500F1A023 /* SendView */ = {
			isa = PBXGroup;
			children = (
				8E1441161B1DEFFA00F1A023 /* SendViewCellWithLabelAndTextField.swift */,
				8E14411B1B1DF78E00F1A023 /* SendViewCellWithLabelAndTextField.xib */,
				8E6E35311B25C71100449DC3 /* SendViewCellWithTextView.swift */,
				8E6E35331B25C74C00449DC3 /* SendViewCellWithTextView.xib */,
			);
			name = SendView;
			sourceTree = "<group>";
		};
		AD0100A01B19EC99009E4E18 /* Preferences */ = {
			isa = PBXGroup;
			children = (
				AD789DA01B319BC30001719E /* AboutUsViewController.swift */,
				AD789DA11B319BC30001719E /* AboutUsViewController.xib */,
				AD4B413D1B233EC500EF09FC /* AuthConTableViewController.swift */,
				AD4B413E1B233EC500EF09FC /* AuthConTableViewController.xib */,
				AD789D981B3050640001719E /* FeedbackViewController.swift */,
				AD789D971B3050640001719E /* FeedbackViewController.xib */,
				AD0100A21B19EDB1009E4E18 /* PreferenceAccountListTableViewController.swift */,
				AD0100A31B19EDB1009E4E18 /* PreferenceAccountListTableViewController.xib */,
				ADDE66001B1DC81D00880FA1 /* PreferenceEditAccountTableViewController.swift */,
				ADDE66011B1DC81D00880FA1 /* PreferenceEditAccountTableViewController.xib */,
				ADCAB6391B3F21240060028E /* PreferencesPreviewLinesTableViewController.swift */,
				ADCAB63A1B3F21240060028E /* PreferencesPreviewLinesTableViewController.xib */,
				AD6E5DF21B2DBDC5008B0488 /* PreferenceStandardAccountTableViewController.swift */,
				AD6E5DF31B2DBDC5008B0488 /* PreferenceStandardAccountTableViewController.xib */,
				AD8540141B186083003F9C92 /* PreferenceTableViewController.swift */,
				AD8540151B186083003F9C92 /* PreferenceTableViewController.xib */,
				ADBF50AA1B68DD340057C2A1 /* PrefAccountBehaviorTableViewController.swift */,
				ADBF50AB1B68DD340057C2A1 /* PrefAccountBehaviorTableViewController.xib */,
				AD5292611B68F0C400A719CB /* PrefFolderSelectionTableViewController.swift */,
				AD5292621B68F0C400A719CB /* PrefFolderSelectionTableViewController.xib */,
			);
			name = Preferences;
			sourceTree = "<group>";
		};
		AD0100A11B19ECC4009E4E18 /* Preferences */ = {
			isa = PBXGroup;
			children = (
				AD4B41451B2342FD00EF09FC /* AuthConTableViewCell.swift */,
				AD4B41461B2342FD00EF09FC /* AuthConTableViewCell.xib */,
				AD16B2211B1C594B001645A5 /* PreferenceAccountTableViewCell.swift */,
				AD16B2221B1C594B001645A5 /* PreferenceAccountTableViewCell.xib */,
				AD8540181B18673F003F9C92 /* PreferenceTableViewCell.swift */,
				AD8540191B18673F003F9C92 /* PreferenceTableViewCell.xib */,
				AD1CDFDF1B283DED00E05B66 /* SwitchTableViewCell.swift */,
				AD1CDFE01B283DED00E05B66 /* SwitchTableViewCell.xib */,
			);
			name = Preferences;
			sourceTree = "<group>";
		};
		AD1255DA1B1A2207005EA5CE /* Icons */ = {
			isa = PBXGroup;
			children = (
				ADE770FE1B35E1C50008B449 /* smile_icon_blue.png */,
				AD44E0371B1B528400751FFA /* fau-logo.png */,
				AD44E0351B1B51ED00751FFA /* icloud-icon.png */,
				AD44E0231B1B017900751FFA /* outlook.png */,
				AD44E0241B1B017900751FFA /* Yahoo-icon.png */,
				AD44E0251B1B017900751FFA /* gmx.png */,
				AD44E0261B1B017900751FFA /* webde.png */,
				AD44E0211B1AFE0300751FFA /* smile-gray.png */,
				AD1255DD1B1A2B6C005EA5CE /* Gmail-128.png */,
				AD1255DB1B1A223A005EA5CE /* ios7-plus.png */,
				5B8B6E0A1B2455E60087B124 /* bluedot@2x.png */,
				5B8948FA1B317DAA0064F3C0 /* Trash.png */,
				5B7EAB071B31870800B888BD /* archive.png */,
				AD1255DF1B1A302F005EA5CE /* sources.txt */,
				3DB242131B38BADB00095634 /* folder.png */,
				3D65A4CA1B53014E00E88CC7 /* triangle_bottom.png */,
				3D65A4CB1B53014E00E88CC7 /* triangle_right.png */,
			);
			name = Icons;
			sourceTree = "<group>";
		};
		AD187B1F1B1FB4D8007806D9 /* Locksmith */ = {
			isa = PBXGroup;
			children = (
				AD187B1B1B1FB4C2007806D9 /* Locksmith.swift */,
				AD187B1C1B1FB4C2007806D9 /* LocksmithRequest.swift */,
			);
			name = Locksmith;
			sourceTree = "<group>";
		};
		AD789D9B1B3054420001719E /* HTML_Files */ = {
			isa = PBXGroup;
			children = (
				AD789DA41B31A4420001719E /* AboutUs.html */,
				AD789D9C1B3054A00001719E /* Feedback.html */,
			);
			name = HTML_Files;
			sourceTree = "<group>";
		};
		AD8744161B6A3B7600257AA5 /* RNCryptor */ = {
			isa = PBXGroup;
			children = (
				AD8744261B6A3C1900257AA5 /* RNCryptor-Prefix.pch */,
				AD8744271B6A3C1900257AA5 /* RNCryptor.h */,
				AD8744281B6A3C1900257AA5 /* RNCryptor.m */,
				AD8744291B6A3C1900257AA5 /* RNCryptor+Private.h */,
				AD87442A1B6A3C1900257AA5 /* RNCryptor+Swift.h */,
				AD87442B1B6A3C1900257AA5 /* RNCryptorEngine.h */,
				AD87442C1B6A3C1900257AA5 /* RNCryptorEngine.m */,
				AD87442D1B6A3C1900257AA5 /* RNDecryptor.h */,
				AD87442E1B6A3C1900257AA5 /* RNDecryptor.m */,
				AD87442F1B6A3C1900257AA5 /* RNEncryptor.h */,
				AD8744301B6A3C1900257AA5 /* RNEncryptor.m */,
				AD8744351B6A3FAE00257AA5 /* MyRNEncryptor.h */,
				AD8744371B6A406200257AA5 /* MyRNEncryptor.m */,
			);
			name = RNCryptor;
			sourceTree = "<group>";
		};
		AD8744391B6A412E00257AA5 /* SMile_Crypto */ = {
			isa = PBXGroup;
			children = (
				AD87443A1B6A42B500257AA5 /* SMileCrypto.swift */,
			);
			name = SMile_Crypto;
			sourceTree = "<group>";
		};
		ADD135CE1B15B5C200A9B31A /* Model */ = {
			isa = PBXGroup;
			children = (
				AD85401C1B186A7C003F9C92 /* ActionItem.swift */,
				ADD135C31B15B56300A9B31A /* KeyItem.swift */,
			);
			name = Model;
			sourceTree = "<group>";
		};
/* End PBXGroup section */

/* Begin PBXNativeTarget section */
		3DF253A61AF7611D00B99BC8 /* SMile */ = {
			isa = PBXNativeTarget;
			buildConfigurationList = 3DF253C91AF7611E00B99BC8 /* Build configuration list for PBXNativeTarget "SMile" */;
			buildPhases = (
				3DF253A31AF7611D00B99BC8 /* Sources */,
				3DF253A41AF7611D00B99BC8 /* Frameworks */,
				3DF253A51AF7611D00B99BC8 /* Resources */,
				3DF253CF1AF766A200B99BC8 /* ShellScript */,
			);
			buildRules = (
			);
			dependencies = (
			);
			name = SMile;
			productName = SMile;
			productReference = 3DF253A71AF7611D00B99BC8 /* SMile.app */;
			productType = "com.apple.product-type.application";
		};
		3DF253BE1AF7611D00B99BC8 /* SMileTests */ = {
			isa = PBXNativeTarget;
			buildConfigurationList = 3DF253CC1AF7611E00B99BC8 /* Build configuration list for PBXNativeTarget "SMileTests" */;
			buildPhases = (
				3DF253BB1AF7611D00B99BC8 /* Sources */,
				3DF253BC1AF7611D00B99BC8 /* Frameworks */,
				3DF253BD1AF7611D00B99BC8 /* Resources */,
			);
			buildRules = (
			);
			dependencies = (
				3DF253C11AF7611D00B99BC8 /* PBXTargetDependency */,
			);
			name = SMileTests;
			productName = SMileTests;
			productReference = 3DF253BF1AF7611D00B99BC8 /* SMileTests.xctest */;
			productType = "com.apple.product-type.bundle.unit-test";
		};
/* End PBXNativeTarget section */

/* Begin PBXProject section */
		3DF2539F1AF7611D00B99BC8 /* Project object */ = {
			isa = PBXProject;
			attributes = {
				LastUpgradeCheck = 0630;
				ORGANIZATIONNAME = SMile;
				TargetAttributes = {
					3DF253A61AF7611D00B99BC8 = {
						CreatedOnToolsVersion = 6.3.1;
						DevelopmentTeam = 3928PFTW6V;
					};
					3DF253BE1AF7611D00B99BC8 = {
						CreatedOnToolsVersion = 6.3.1;
						TestTargetID = 3DF253A61AF7611D00B99BC8;
					};
				};
			};
			buildConfigurationList = 3DF253A21AF7611D00B99BC8 /* Build configuration list for PBXProject "SMile" */;
			compatibilityVersion = "Xcode 3.2";
			developmentRegion = English;
			hasScannedForEncodings = 0;
			knownRegions = (
				en,
				Base,
			);
			mainGroup = 3DF2539E1AF7611D00B99BC8;
			productRefGroup = 3DF253A81AF7611D00B99BC8 /* Products */;
			projectDirPath = "";
			projectRoot = "";
			targets = (
				3DF253A61AF7611D00B99BC8 /* SMile */,
				3DF253BE1AF7611D00B99BC8 /* SMileTests */,
			);
		};
/* End PBXProject section */

/* Begin PBXResourcesBuildPhase section */
		3DF253A51AF7611D00B99BC8 /* Resources */ = {
			isa = PBXResourcesBuildPhase;
			buildActionMask = 2147483647;
			files = (
				3D0FFD691B09E7E100C4F8F6 /* SidebarTableViewController.xib in Resources */,
				AD4B41481B2342FD00EF09FC /* AuthConTableViewCell.xib in Resources */,
				AD44E0221B1AFE0300751FFA /* smile-gray.png in Resources */,
				AD44E0361B1B51ED00751FFA /* icloud-icon.png in Resources */,
				5B8948FB1B317DAA0064F3C0 /* Trash.png in Resources */,
				ADCAB63C1B3F21240060028E /* PreferencesPreviewLinesTableViewController.xib in Resources */,
				AD85401B1B18673F003F9C92 /* PreferenceTableViewCell.xib in Resources */,
				AD1CDFE21B283DED00E05B66 /* SwitchTableViewCell.xib in Resources */,
				8E450BAF1B15BBF0001E37B9 /* MailTableViewController.xib in Resources */,
				ADDE66031B1DC81D00880FA1 /* PreferenceEditAccountTableViewController.xib in Resources */,
				3DF253B51AF7611D00B99BC8 /* Main.storyboard in Resources */,
				8E450BA91B15BBF0001E37B9 /* CustomMailTableViewCell.xib in Resources */,
				3D0FFD6D1B0A297700C4F8F6 /* ContentViewController.xib in Resources */,
				AD16B2241B1C594B001645A5 /* PreferenceAccountTableViewCell.xib in Resources */,
				AD789DA31B319BC30001719E /* AboutUsViewController.xib in Resources */,
				8E6E35341B25C74C00449DC3 /* SendViewCellWithTextView.xib in Resources */,
				3D65A4CD1B53014E00E88CC7 /* triangle_right.png in Resources */,
				5B7EAB081B31870800B888BD /* archive.png in Resources */,
				AD789D9D1B3054A00001719E /* Feedback.html in Resources */,
				AD1255E01B1A302F005EA5CE /* sources.txt in Resources */,
				AD789D991B3050640001719E /* FeedbackViewController.xib in Resources */,
				AD1255DC1B1A223A005EA5CE /* ios7-plus.png in Resources */,
				AD1255DE1B1A2B6C005EA5CE /* Gmail-128.png in Resources */,
				AD44E02A1B1B017900751FFA /* webde.png in Resources */,
				AD8540171B186083003F9C92 /* PreferenceTableViewController.xib in Resources */,
				AD5292641B68F0C400A719CB /* PrefFolderSelectionTableViewController.xib in Resources */,
				AD44E0271B1B017900751FFA /* outlook.png in Resources */,
				AD44E0281B1B017900751FFA /* Yahoo-icon.png in Resources */,
				3DF253BA1AF7611D00B99BC8 /* LaunchScreen.xib in Resources */,
				ADBF50AD1B68DD340057C2A1 /* PrefAccountBehaviorTableViewController.xib in Resources */,
				ADD135D01B15C17500A9B31A /* KeyChainListTableViewController.xib in Resources */,
				AD44E0291B1B017900751FFA /* gmx.png in Resources */,
				ADD135CC1B15B56300A9B31A /* KeyItemTableViewCell.xib in Resources */,
				AD4B41401B233EC500EF09FC /* AuthConTableViewController.xib in Resources */,
				AD0100A51B19EDB1009E4E18 /* PreferenceAccountListTableViewController.xib in Resources */,
				ADD135C91B15B56300A9B31A /* KeyDetailViewController.xib in Resources */,
				AD789DA51B31A4420001719E /* AboutUs.html in Resources */,
				3D65A4CC1B53014E00E88CC7 /* triangle_bottom.png in Resources */,
				5B8B6E0B1B2455E60087B124 /* bluedot@2x.png in Resources */,
				3D0FFD6B1B0A22F100C4F8F6 /* SideBarTableViewCell.xib in Resources */,
				ADE770FF1B35E1C50008B449 /* smile_icon_blue.png in Resources */,
				3DF253B71AF7611D00B99BC8 /* Images.xcassets in Resources */,
				A917E2001B208ADF0069BC91 /* MailSendViewController.xib in Resources */,
				AD6E5DF51B2DBDC5008B0488 /* PreferenceStandardAccountTableViewController.xib in Resources */,
				3DB242141B38BADB00095634 /* folder.png in Resources */,
				8E63CE561B53E03E00DC9B04 /* MoveEmailViewController.xib in Resources */,
				3D3654E41B385566003B38F0 /* SideBarSubFolderTableViewCell.xib in Resources */,
				AD44E0381B1B528400751FFA /* fau-logo.png in Resources */,
				8E14411C1B1DF78E00F1A023 /* SendViewCellWithLabelAndTextField.xib in Resources */,
			);
			runOnlyForDeploymentPostprocessing = 0;
		};
		3DF253BD1AF7611D00B99BC8 /* Resources */ = {
			isa = PBXResourcesBuildPhase;
			buildActionMask = 2147483647;
			files = (
			);
			runOnlyForDeploymentPostprocessing = 0;
		};
/* End PBXResourcesBuildPhase section */

/* Begin PBXShellScriptBuildPhase section */
		3DF253CF1AF766A200B99BC8 /* ShellScript */ = {
			isa = PBXShellScriptBuildPhase;
			buildActionMask = 12;
			files = (
			);
			inputPaths = (
				"$(SRCROOT)/Carthage/Build/iOS/SwiftyJSON.framework",
				"$(SRCROOT)/Carthage/Build/iOS/MailCore.framework",
			);
			outputPaths = (
			);
			runOnlyForDeploymentPostprocessing = 0;
			shellPath = /bin/sh;
			shellScript = "/usr/local/bin/carthage build --platform \"$PLATFORM_NAME\" \"$SRCROOT\"\n/usr/local/bin/carthage copy-frameworks";
		};
/* End PBXShellScriptBuildPhase section */

/* Begin PBXSourcesBuildPhase section */
		3DF253A31AF7611D00B99BC8 /* Sources */ = {
			isa = PBXSourcesBuildPhase;
			buildActionMask = 2147483647;
			files = (
				AD8744321B6A3C1900257AA5 /* RNCryptorEngine.m in Sources */,
				3D848A2E1B376A010039A162 /* EmailAccountSupport.swift in Sources */,
				3D848A2D1B3768C90039A162 /* SendViewCellWithTextView.swift in Sources */,
				AD0100A41B19EDB1009E4E18 /* PreferenceAccountListTableViewController.swift in Sources */,
				ADD135CA1B15B56300A9B31A /* KeyItem.swift in Sources */,
				8E450BA81B15BBF0001E37B9 /* CustomMailTableViewCell.swift in Sources */,
				AD8744341B6A3C1900257AA5 /* RNEncryptor.m in Sources */,
				ADD135CD1B15B56300A9B31A /* SharedClassExtensions.swift in Sources */,
				AD85401A1B18673F003F9C92 /* PreferenceTableViewCell.swift in Sources */,
				AD5292631B68F0C400A719CB /* PrefFolderSelectionTableViewController.swift in Sources */,
				3D21286E1B2DF57100C9FC4C /* Email.swift in Sources */,
				3D3654E31B385566003B38F0 /* SideBarSubFolderTableViewCell.swift in Sources */,
				AD8744381B6A406200257AA5 /* MyRNEncryptor.m in Sources */,
				3DF253B21AF7611D00B99BC8 /* ContainerViewController.swift in Sources */,
				3D2128721B2DF57200C9FC4C /* EmailAccount.swift in Sources */,
				8E63CE541B53E00600DC9B04 /* MoveEmailViewController.swift in Sources */,
				AD789DA21B319BC30001719E /* AboutUsViewController.swift in Sources */,
				8E450BB41B15BBF0001E37B9 /* MCTMsgViewController.mm in Sources */,
				ADD135CB1B15B56300A9B31A /* KeyItemTableViewCell.swift in Sources */,
				3D8D90E11B00A1F900D5135D /* SidebarTableViewController.swift in Sources */,
				ADD135C81B15B56300A9B31A /* KeyDetailViewController.swift in Sources */,
				3DA3029C1B321467003CE16A /* MCOIMAPFolderWrapper.m in Sources */,
				ADBF50AC1B68DD340057C2A1 /* PrefAccountBehaviorTableViewController.swift in Sources */,
				3D37FFA91B01DBC200388F81 /* ContentViewController.swift in Sources */,
				8E57385B1B1B19C8009AA28A /* WebViewController.swift in Sources */,
				ADD135C71B15B56300A9B31A /* KeyChainListTableViewController.swift in Sources */,
				5B66C33E1B4E660600BDF3D6 /* IMAPFunctions.swift in Sources */,
				AD44E0301B1B22E700751FFA /* TextfieldWithPadding.swift in Sources */,
				8E450BB21B15BBF0001E37B9 /* MCOCIDURLProtocol.mm in Sources */,
				AD187B1E1B1FB4C2007806D9 /* LocksmithRequest.swift in Sources */,
				AD4B413F1B233EC500EF09FC /* AuthConTableViewController.swift in Sources */,
				3DF253B01AF7611D00B99BC8 /* SMile.xcdatamodeld in Sources */,
				3D58BC471B1CCEE700CCA5F0 /* IMAPFolderFetcher.swift in Sources */,
				AD1CDFE11B283DED00E05B66 /* SwitchTableViewCell.swift in Sources */,
				AD8540161B186083003F9C92 /* PreferenceTableViewController.swift in Sources */,
				8E450BAC1B15BBF0001E37B9 /* MailSendViewController.swift in Sources */,
				AD8744331B6A3C1900257AA5 /* RNDecryptor.m in Sources */,
				8E450BB31B15BBF0001E37B9 /* MCOMessageView.mm in Sources */,
				AD87443B1B6A42B500257AA5 /* SMileCrypto.swift in Sources */,
				AD6E5DF41B2DBDC5008B0488 /* PreferenceStandardAccountTableViewController.swift in Sources */,
				AD187B1D1B1FB4C2007806D9 /* Locksmith.swift in Sources */,
				ADCAB63B1B3F21240060028E /* PreferencesPreviewLinesTableViewController.swift in Sources */,
				ADDE66021B1DC81D00880FA1 /* PreferenceEditAccountTableViewController.swift in Sources */,
				3D8D90E41B00A2CA00D5135D /* SideBarTableViewCell.swift in Sources */,
				AD789D9A1B3050640001719E /* FeedbackViewController.swift in Sources */,
				AD4B41471B2342FD00EF09FC /* AuthConTableViewCell.swift in Sources */,
				AD8744311B6A3C1900257AA5 /* RNCryptor.m in Sources */,
				8E450BAE1B15BBF0001E37B9 /* MailTableViewController.swift in Sources */,
				3DA302951B2ED122003CE16A /* ImapFolder.swift in Sources */,
				3DF253AD1AF7611D00B99BC8 /* AppDelegate.swift in Sources */,
				AD16B2231B1C594B001645A5 /* PreferenceAccountTableViewCell.swift in Sources */,
				AD85401D1B186A7C003F9C92 /* ActionItem.swift in Sources */,
				8E1441171B1DEFFA00F1A023 /* SendViewCellWithLabelAndTextField.swift in Sources */,
			);
			runOnlyForDeploymentPostprocessing = 0;
		};
		3DF253BB1AF7611D00B99BC8 /* Sources */ = {
			isa = PBXSourcesBuildPhase;
			buildActionMask = 2147483647;
			files = (
				3DF253C61AF7611E00B99BC8 /* SMileTests.swift in Sources */,
			);
			runOnlyForDeploymentPostprocessing = 0;
		};
/* End PBXSourcesBuildPhase section */

/* Begin PBXTargetDependency section */
		3DF253C11AF7611D00B99BC8 /* PBXTargetDependency */ = {
			isa = PBXTargetDependency;
			target = 3DF253A61AF7611D00B99BC8 /* SMile */;
			targetProxy = 3DF253C01AF7611D00B99BC8 /* PBXContainerItemProxy */;
		};
/* End PBXTargetDependency section */

/* Begin PBXVariantGroup section */
		3DF253B31AF7611D00B99BC8 /* Main.storyboard */ = {
			isa = PBXVariantGroup;
			children = (
				3DF253B41AF7611D00B99BC8 /* Base */,
			);
			name = Main.storyboard;
			sourceTree = "<group>";
		};
		3DF253B81AF7611D00B99BC8 /* LaunchScreen.xib */ = {
			isa = PBXVariantGroup;
			children = (
				3DF253B91AF7611D00B99BC8 /* Base */,
			);
			name = LaunchScreen.xib;
			sourceTree = "<group>";
		};
/* End PBXVariantGroup section */

/* Begin XCBuildConfiguration section */
		3DF253C71AF7611E00B99BC8 /* Debug */ = {
			isa = XCBuildConfiguration;
			buildSettings = {
				ALWAYS_SEARCH_USER_PATHS = NO;
				CLANG_CXX_LANGUAGE_STANDARD = "gnu++0x";
				CLANG_CXX_LIBRARY = "libc++";
				CLANG_ENABLE_MODULES = YES;
				CLANG_ENABLE_OBJC_ARC = YES;
				CLANG_WARN_BOOL_CONVERSION = YES;
				CLANG_WARN_CONSTANT_CONVERSION = YES;
				CLANG_WARN_DIRECT_OBJC_ISA_USAGE = YES_ERROR;
				CLANG_WARN_EMPTY_BODY = YES;
				CLANG_WARN_ENUM_CONVERSION = YES;
				CLANG_WARN_INT_CONVERSION = YES;
				CLANG_WARN_OBJC_ROOT_CLASS = YES_ERROR;
				CLANG_WARN_UNREACHABLE_CODE = YES;
				CLANG_WARN__DUPLICATE_METHOD_MATCH = YES;
				"CODE_SIGN_IDENTITY[sdk=iphoneos*]" = "iPhone Developer";
				COPY_PHASE_STRIP = NO;
				DEBUG_INFORMATION_FORMAT = "dwarf-with-dsym";
				ENABLE_STRICT_OBJC_MSGSEND = YES;
				GCC_C_LANGUAGE_STANDARD = gnu99;
				GCC_DYNAMIC_NO_PIC = NO;
				GCC_NO_COMMON_BLOCKS = YES;
				GCC_OPTIMIZATION_LEVEL = 0;
				GCC_PREPROCESSOR_DEFINITIONS = (
					"DEBUG=1",
					"$(inherited)",
				);
				GCC_SYMBOLS_PRIVATE_EXTERN = NO;
				GCC_WARN_64_TO_32_BIT_CONVERSION = YES;
				GCC_WARN_ABOUT_RETURN_TYPE = YES_ERROR;
				GCC_WARN_UNDECLARED_SELECTOR = YES;
				GCC_WARN_UNINITIALIZED_AUTOS = YES_AGGRESSIVE;
				GCC_WARN_UNUSED_FUNCTION = YES;
				GCC_WARN_UNUSED_VARIABLE = YES;
				IPHONEOS_DEPLOYMENT_TARGET = 8.3;
				MTL_ENABLE_DEBUG_INFO = YES;
				ONLY_ACTIVE_ARCH = YES;
				SDKROOT = iphoneos;
				SWIFT_OPTIMIZATION_LEVEL = "-Onone";
				TARGETED_DEVICE_FAMILY = "1,2";
			};
			name = Debug;
		};
		3DF253C81AF7611E00B99BC8 /* Release */ = {
			isa = XCBuildConfiguration;
			buildSettings = {
				ALWAYS_SEARCH_USER_PATHS = NO;
				CLANG_CXX_LANGUAGE_STANDARD = "gnu++0x";
				CLANG_CXX_LIBRARY = "libc++";
				CLANG_ENABLE_MODULES = YES;
				CLANG_ENABLE_OBJC_ARC = YES;
				CLANG_WARN_BOOL_CONVERSION = YES;
				CLANG_WARN_CONSTANT_CONVERSION = YES;
				CLANG_WARN_DIRECT_OBJC_ISA_USAGE = YES_ERROR;
				CLANG_WARN_EMPTY_BODY = YES;
				CLANG_WARN_ENUM_CONVERSION = YES;
				CLANG_WARN_INT_CONVERSION = YES;
				CLANG_WARN_OBJC_ROOT_CLASS = YES_ERROR;
				CLANG_WARN_UNREACHABLE_CODE = YES;
				CLANG_WARN__DUPLICATE_METHOD_MATCH = YES;
				"CODE_SIGN_IDENTITY[sdk=iphoneos*]" = "iPhone Developer";
				COPY_PHASE_STRIP = NO;
				DEBUG_INFORMATION_FORMAT = "dwarf-with-dsym";
				ENABLE_NS_ASSERTIONS = NO;
				ENABLE_STRICT_OBJC_MSGSEND = YES;
				GCC_C_LANGUAGE_STANDARD = gnu99;
				GCC_NO_COMMON_BLOCKS = YES;
				GCC_WARN_64_TO_32_BIT_CONVERSION = YES;
				GCC_WARN_ABOUT_RETURN_TYPE = YES_ERROR;
				GCC_WARN_UNDECLARED_SELECTOR = YES;
				GCC_WARN_UNINITIALIZED_AUTOS = YES_AGGRESSIVE;
				GCC_WARN_UNUSED_FUNCTION = YES;
				GCC_WARN_UNUSED_VARIABLE = YES;
				IPHONEOS_DEPLOYMENT_TARGET = 8.3;
				MTL_ENABLE_DEBUG_INFO = NO;
				SDKROOT = iphoneos;
				TARGETED_DEVICE_FAMILY = "1,2";
				VALIDATE_PRODUCT = YES;
			};
			name = Release;
		};
		3DF253CA1AF7611E00B99BC8 /* Debug */ = {
			isa = XCBuildConfiguration;
			buildSettings = {
				ALWAYS_SEARCH_USER_PATHS = YES;
				ASSETCATALOG_COMPILER_APPICON_NAME = AppIcon;
				CODE_SIGN_IDENTITY = "iPhone Developer";
				"CODE_SIGN_IDENTITY[sdk=iphoneos*]" = "iPhone Developer";
				FRAMEWORK_SEARCH_PATHS = (
					"$(inherited)",
					"$(PROJECT_DIR)/**",
					"$(PROJECT_DIR)",
					"$(PROJECT_DIR)/Carthage/Build/iOS",
					"$(PROJECT_DIR)/SMile",
				);
				INFOPLIST_FILE = SMile/Info.plist;
				LD_RUNPATH_SEARCH_PATHS = "$(inherited) @executable_path/Frameworks";
				LIBRARY_SEARCH_PATHS = (
					./OpenSSL/lib/iOS,
					"$(PROJECT_DIR)/OpenSSL/lib/iOS",
				);
				ONLY_ACTIVE_ARCH = NO;
				PRODUCT_NAME = SMile;
				PROVISIONING_PROFILE = "";
				SWIFT_OBJC_BRIDGING_HEADER = "$(SRCROOT)/SMileTests/MailCore2-Bridging-Header.h";
				USER_HEADER_SEARCH_PATHS = ./OpenSSL/include;
			};
			name = Debug;
		};
		3DF253CB1AF7611E00B99BC8 /* Release */ = {
			isa = XCBuildConfiguration;
			buildSettings = {
				ALWAYS_SEARCH_USER_PATHS = YES;
				ASSETCATALOG_COMPILER_APPICON_NAME = AppIcon;
				CODE_SIGN_IDENTITY = "iPhone Developer";
				"CODE_SIGN_IDENTITY[sdk=iphoneos*]" = "iPhone Developer";
				FRAMEWORK_SEARCH_PATHS = (
					"$(inherited)",
					"$(PROJECT_DIR)/**",
					"$(PROJECT_DIR)",
					"$(PROJECT_DIR)/Carthage/Build/iOS",
					"$(PROJECT_DIR)/SMile",
				);
				INFOPLIST_FILE = SMile/Info.plist;
				LD_RUNPATH_SEARCH_PATHS = "$(inherited) @executable_path/Frameworks";
				LIBRARY_SEARCH_PATHS = (
					./OpenSSL/lib/iOS,
					"$(PROJECT_DIR)/OpenSSL/lib/iOS",
				);
				PRODUCT_NAME = SMile;
				PROVISIONING_PROFILE = "";
				SWIFT_OBJC_BRIDGING_HEADER = "$(SRCROOT)/SMileTests/MailCore2-Bridging-Header.h";
				USER_HEADER_SEARCH_PATHS = ./OpenSSL/include;
			};
			name = Release;
		};
		3DF253CD1AF7611E00B99BC8 /* Debug */ = {
			isa = XCBuildConfiguration;
			buildSettings = {
				BUNDLE_LOADER = "$(TEST_HOST)";
				FRAMEWORK_SEARCH_PATHS = (
					"$(SDKROOT)/Developer/Library/Frameworks",
					"$(inherited)",
				);
				GCC_PREPROCESSOR_DEFINITIONS = (
					"DEBUG=1",
					"$(inherited)",
				);
				INFOPLIST_FILE = SMileTests/Info.plist;
				LD_RUNPATH_SEARCH_PATHS = "$(inherited) @executable_path/Frameworks @loader_path/Frameworks";
				PRODUCT_NAME = SMileTests;
				TEST_HOST = "$(BUILT_PRODUCTS_DIR)/SMile.app/SMile";
			};
			name = Debug;
		};
		3DF253CE1AF7611E00B99BC8 /* Release */ = {
			isa = XCBuildConfiguration;
			buildSettings = {
				BUNDLE_LOADER = "$(TEST_HOST)";
				FRAMEWORK_SEARCH_PATHS = (
					"$(SDKROOT)/Developer/Library/Frameworks",
					"$(inherited)",
				);
				INFOPLIST_FILE = SMileTests/Info.plist;
				LD_RUNPATH_SEARCH_PATHS = "$(inherited) @executable_path/Frameworks @loader_path/Frameworks";
				PRODUCT_NAME = SMileTests;
				TEST_HOST = "$(BUILT_PRODUCTS_DIR)/SMile.app/SMile";
			};
			name = Release;
		};
/* End XCBuildConfiguration section */

/* Begin XCConfigurationList section */
		3DF253A21AF7611D00B99BC8 /* Build configuration list for PBXProject "SMile" */ = {
			isa = XCConfigurationList;
			buildConfigurations = (
				3DF253C71AF7611E00B99BC8 /* Debug */,
				3DF253C81AF7611E00B99BC8 /* Release */,
			);
			defaultConfigurationIsVisible = 0;
			defaultConfigurationName = Release;
		};
		3DF253C91AF7611E00B99BC8 /* Build configuration list for PBXNativeTarget "SMile" */ = {
			isa = XCConfigurationList;
			buildConfigurations = (
				3DF253CA1AF7611E00B99BC8 /* Debug */,
				3DF253CB1AF7611E00B99BC8 /* Release */,
			);
			defaultConfigurationIsVisible = 0;
			defaultConfigurationName = Release;
		};
		3DF253CC1AF7611E00B99BC8 /* Build configuration list for PBXNativeTarget "SMileTests" */ = {
			isa = XCConfigurationList;
			buildConfigurations = (
				3DF253CD1AF7611E00B99BC8 /* Debug */,
				3DF253CE1AF7611E00B99BC8 /* Release */,
			);
			defaultConfigurationIsVisible = 0;
			defaultConfigurationName = Release;
		};
/* End XCConfigurationList section */

/* Begin XCVersionGroup section */
		3DF253AE1AF7611D00B99BC8 /* SMile.xcdatamodeld */ = {
			isa = XCVersionGroup;
			children = (
				3DF253AF1AF7611D00B99BC8 /* SMile.xcdatamodel */,
			);
			currentVersion = 3DF253AF1AF7611D00B99BC8 /* SMile.xcdatamodel */;
			path = SMile.xcdatamodeld;
			sourceTree = "<group>";
			versionGroupType = wrapper.xcdatamodel;
		};
/* End XCVersionGroup section */
	};
	rootObject = 3DF2539F1AF7611D00B99BC8 /* Project object */;
}
