PODS:
  - mailcore2-ios (0.5.1)
  - ObjectivePGP (0.3.2)
  - OpenSSL (1.0.204)
  - UNNetPGP (0.8.1):
    - OpenSSL

DEPENDENCIES:
  - mailcore2-ios
  - ObjectivePGP
  - UNNetPGP

SPEC CHECKSUMS:
  mailcore2-ios: f1c1cd3c91d8963293b6552ad11bf3c7cf8ef8a9
  ObjectivePGP: b92b337299c7f7c9f16a1b5654614bb433130bb8
  OpenSSL: 576b352e6e6e60793ca133c6785736e3cbc31a09
  UNNetPGP: 9fede0fb31d20b2db98a11a2febc28ff46d5d3be

COCOAPODS: 0.38.2
