// !$*UTF8*$!
{
	archiveVersion = 1;
	classes = {
	};
	objectVersion = 46;
	objects = {

/* Begin PBXBuildFile section */
		3D0FFD691B09E7E100C4F8F6 /* SidebarTableViewController.xib in Resources */ = {isa = PBXBuildFile; fileRef = 3D0FFD681B09E7E100C4F8F6 /* SidebarTableViewController.xib */; };
		3D0FFD6B1B0A22F100C4F8F6 /* SideBarTableViewCell.xib in Resources */ = {isa = PBXBuildFile; fileRef = 3D0FFD6A1B0A22F100C4F8F6 /* SideBarTableViewCell.xib */; };
		3D0FFD6D1B0A297700C4F8F6 /* ContentViewController.xib in Resources */ = {isa = PBXBuildFile; fileRef = 3D0FFD6C1B0A297700C4F8F6 /* ContentViewController.xib */; };
		3D37FFA91B01DBC200388F81 /* ContentViewController.swift in Sources */ = {isa = PBXBuildFile; fileRef = 3D37FFA81B01DBC200388F81 /* ContentViewController.swift */; };
		3D8D90E11B00A1F900D5135D /* SidebarTableViewController.swift in Sources */ = {isa = PBXBuildFile; fileRef = 3D8D90E01B00A1F900D5135D /* SidebarTableViewController.swift */; };
		3D8D90E41B00A2CA00D5135D /* SideBarTableViewCell.swift in Sources */ = {isa = PBXBuildFile; fileRef = 3D8D90E31B00A2CA00D5135D /* SideBarTableViewCell.swift */; };
		3D9027541AF96D0D000D3E72 /* MailCore.framework in Frameworks */ = {isa = PBXBuildFile; fileRef = 3D9027521AF96D0D000D3E72 /* MailCore.framework */; };
		3D9027551AF96D0D000D3E72 /* SwiftyJSON.framework in Frameworks */ = {isa = PBXBuildFile; fileRef = 3D9027531AF96D0D000D3E72 /* SwiftyJSON.framework */; };
		3D90275E1AF97167000D3E72 /* CoreData.framework in Frameworks */ = {isa = PBXBuildFile; fileRef = 3D90275D1AF97167000D3E72 /* CoreData.framework */; };
		3D9027601AF97313000D3E72 /* EmailAccount.swift in Sources */ = {isa = PBXBuildFile; fileRef = 3D90275F1AF97313000D3E72 /* EmailAccount.swift */; };
		3D9027621AF97313000D3E72 /* Email.swift in Sources */ = {isa = PBXBuildFile; fileRef = 3D9027611AF97313000D3E72 /* Email.swift */; };
		3DF253AD1AF7611D00B99BC8 /* AppDelegate.swift in Sources */ = {isa = PBXBuildFile; fileRef = 3DF253AC1AF7611D00B99BC8 /* AppDelegate.swift */; };
		3DF253B01AF7611D00B99BC8 /* FixMyMail.xcdatamodeld in Sources */ = {isa = PBXBuildFile; fileRef = 3DF253AE1AF7611D00B99BC8 /* FixMyMail.xcdatamodeld */; };
		3DF253B21AF7611D00B99BC8 /* ContainerViewController.swift in Sources */ = {isa = PBXBuildFile; fileRef = 3DF253B11AF7611D00B99BC8 /* ContainerViewController.swift */; };
		3DF253B51AF7611D00B99BC8 /* Main.storyboard in Resources */ = {isa = PBXBuildFile; fileRef = 3DF253B31AF7611D00B99BC8 /* Main.storyboard */; };
		3DF253B71AF7611D00B99BC8 /* Images.xcassets in Resources */ = {isa = PBXBuildFile; fileRef = 3DF253B61AF7611D00B99BC8 /* Images.xcassets */; };
		3DF253BA1AF7611D00B99BC8 /* LaunchScreen.xib in Resources */ = {isa = PBXBuildFile; fileRef = 3DF253B81AF7611D00B99BC8 /* LaunchScreen.xib */; };
		3DF253C61AF7611E00B99BC8 /* FixMyMailTests.swift in Sources */ = {isa = PBXBuildFile; fileRef = 3DF253C51AF7611E00B99BC8 /* FixMyMailTests.swift */; };
		8E1441131B1DE76F00F1A023 /* SendViewCellSubject.swift in Sources */ = {isa = PBXBuildFile; fileRef = 8E1441121B1DE76F00F1A023 /* SendViewCellSubject.swift */; };
		8E1441151B1DE7E100F1A023 /* SendViewCellSubject.xib in Resources */ = {isa = PBXBuildFile; fileRef = 8E1441141B1DE7E100F1A023 /* SendViewCellSubject.xib */; };
		8E1441171B1DEFFA00F1A023 /* SendViewCellSuggestion.swift in Sources */ = {isa = PBXBuildFile; fileRef = 8E1441161B1DEFFA00F1A023 /* SendViewCellSuggestion.swift */; };
		8E14411C1B1DF78E00F1A023 /* SendViewCellSuggestion.xib in Resources */ = {isa = PBXBuildFile; fileRef = 8E14411B1B1DF78E00F1A023 /* SendViewCellSuggestion.xib */; };
		8E450BA81B15BBF0001E37B9 /* CustomMailTableViewCell.swift in Sources */ = {isa = PBXBuildFile; fileRef = 8E450B941B15BBF0001E37B9 /* CustomMailTableViewCell.swift */; };
		8E450BA91B15BBF0001E37B9 /* CustomMailTableViewCell.xib in Resources */ = {isa = PBXBuildFile; fileRef = 8E450B951B15BBF0001E37B9 /* CustomMailTableViewCell.xib */; };
		8E450BAC1B15BBF0001E37B9 /* MailSendViewController.swift in Sources */ = {isa = PBXBuildFile; fileRef = 8E450B991B15BBF0001E37B9 /* MailSendViewController.swift */; };
		8E450BAE1B15BBF0001E37B9 /* MailTableViewController.swift in Sources */ = {isa = PBXBuildFile; fileRef = 8E450B9B1B15BBF0001E37B9 /* MailTableViewController.swift */; };
		8E450BAF1B15BBF0001E37B9 /* MailTableViewController.xib in Resources */ = {isa = PBXBuildFile; fileRef = 8E450B9C1B15BBF0001E37B9 /* MailTableViewController.xib */; };
		8E450BB21B15BBF0001E37B9 /* MCOCIDURLProtocol.mm in Sources */ = {isa = PBXBuildFile; fileRef = 8E450BA01B15BBF0001E37B9 /* MCOCIDURLProtocol.mm */; };
		8E450BB31B15BBF0001E37B9 /* MCOMessageView.mm in Sources */ = {isa = PBXBuildFile; fileRef = 8E450BA21B15BBF0001E37B9 /* MCOMessageView.mm */; };
		8E450BB41B15BBF0001E37B9 /* MCTMsgViewController.mm in Sources */ = {isa = PBXBuildFile; fileRef = 8E450BA41B15BBF0001E37B9 /* MCTMsgViewController.mm */; };
		8E450BB81B15BD2F001E37B9 /* CoreImage.framework in Frameworks */ = {isa = PBXBuildFile; fileRef = 8E450BB71B15BD2F001E37B9 /* CoreImage.framework */; };
		8E450BBA1B15BD35001E37B9 /* ImageIO.framework in Frameworks */ = {isa = PBXBuildFile; fileRef = 8E450BB91B15BD35001E37B9 /* ImageIO.framework */; };
		8E57385B1B1B19C8009AA28A /* WebViewController.swift in Sources */ = {isa = PBXBuildFile; fileRef = 8E57385A1B1B19C8009AA28A /* WebViewController.swift */; };
		A917E1F91B206D200069BC91 /* KSToken.swift in Sources */ = {isa = PBXBuildFile; fileRef = A917E1F51B206D1F0069BC91 /* KSToken.swift */; };
		A917E1FA1B206D200069BC91 /* KSTokenField.swift in Sources */ = {isa = PBXBuildFile; fileRef = A917E1F61B206D1F0069BC91 /* KSTokenField.swift */; };
		A917E1FB1B206D200069BC91 /* KSTokenView.swift in Sources */ = {isa = PBXBuildFile; fileRef = A917E1F71B206D1F0069BC91 /* KSTokenView.swift */; };
		A917E1FC1B206D200069BC91 /* KSUtils.swift in Sources */ = {isa = PBXBuildFile; fileRef = A917E1F81B206D1F0069BC91 /* KSUtils.swift */; };
		A917E2001B208ADF0069BC91 /* MailSendViewController.xib in Resources */ = {isa = PBXBuildFile; fileRef = A917E1FF1B208ADF0069BC91 /* MailSendViewController.xib */; };
		AD0100A41B19EDB1009E4E18 /* PreferenceAccountListTableViewController.swift in Sources */ = {isa = PBXBuildFile; fileRef = AD0100A21B19EDB1009E4E18 /* PreferenceAccountListTableViewController.swift */; };
		AD0100A51B19EDB1009E4E18 /* PreferenceAccountListTableViewController.xib in Resources */ = {isa = PBXBuildFile; fileRef = AD0100A31B19EDB1009E4E18 /* PreferenceAccountListTableViewController.xib */; };
		AD1255DC1B1A223A005EA5CE /* ios7-plus.png in Resources */ = {isa = PBXBuildFile; fileRef = AD1255DB1B1A223A005EA5CE /* ios7-plus.png */; };
		AD1255DE1B1A2B6C005EA5CE /* Gmail-128.png in Resources */ = {isa = PBXBuildFile; fileRef = AD1255DD1B1A2B6C005EA5CE /* Gmail-128.png */; };
		AD1255E01B1A302F005EA5CE /* sources.txt in Resources */ = {isa = PBXBuildFile; fileRef = AD1255DF1B1A302F005EA5CE /* sources.txt */; };
		AD16B2231B1C594B001645A5 /* PreferenceAccountTableViewCell.swift in Sources */ = {isa = PBXBuildFile; fileRef = AD16B2211B1C594B001645A5 /* PreferenceAccountTableViewCell.swift */; };
		AD16B2241B1C594B001645A5 /* PreferenceAccountTableViewCell.xib in Resources */ = {isa = PBXBuildFile; fileRef = AD16B2221B1C594B001645A5 /* PreferenceAccountTableViewCell.xib */; };
		AD187B1D1B1FB4C2007806D9 /* Locksmith.swift in Sources */ = {isa = PBXBuildFile; fileRef = AD187B1B1B1FB4C2007806D9 /* Locksmith.swift */; };
		AD187B1E1B1FB4C2007806D9 /* LocksmithRequest.swift in Sources */ = {isa = PBXBuildFile; fileRef = AD187B1C1B1FB4C2007806D9 /* LocksmithRequest.swift */; };
		AD24BE201B23042500804732 /* EmailAccount_Support.swift in Sources */ = {isa = PBXBuildFile; fileRef = AD24BE1F1B23042500804732 /* EmailAccount_Support.swift */; };
		AD44E0221B1AFE0300751FFA /* smile-gray.png in Resources */ = {isa = PBXBuildFile; fileRef = AD44E0211B1AFE0300751FFA /* smile-gray.png */; };
		AD44E0271B1B017900751FFA /* outlook.png in Resources */ = {isa = PBXBuildFile; fileRef = AD44E0231B1B017900751FFA /* outlook.png */; };
		AD44E0281B1B017900751FFA /* Yahoo-icon.png in Resources */ = {isa = PBXBuildFile; fileRef = AD44E0241B1B017900751FFA /* Yahoo-icon.png */; };
		AD44E0291B1B017900751FFA /* gmx.png in Resources */ = {isa = PBXBuildFile; fileRef = AD44E0251B1B017900751FFA /* gmx.png */; };
		AD44E02A1B1B017900751FFA /* webde.png in Resources */ = {isa = PBXBuildFile; fileRef = AD44E0261B1B017900751FFA /* webde.png */; };
		AD44E0301B1B22E700751FFA /* TextfieldWithPadding.swift in Sources */ = {isa = PBXBuildFile; fileRef = AD44E02F1B1B22E700751FFA /* TextfieldWithPadding.swift */; };
		AD44E0361B1B51ED00751FFA /* icloud-icon.png in Resources */ = {isa = PBXBuildFile; fileRef = AD44E0351B1B51ED00751FFA /* icloud-icon.png */; };
		AD44E0381B1B528400751FFA /* fau-logo.png in Resources */ = {isa = PBXBuildFile; fileRef = AD44E0371B1B528400751FFA /* fau-logo.png */; };
		AD8540161B186083003F9C92 /* PreferenceTableViewController.swift in Sources */ = {isa = PBXBuildFile; fileRef = AD8540141B186083003F9C92 /* PreferenceTableViewController.swift */; };
		AD8540171B186083003F9C92 /* PreferenceTableViewController.xib in Resources */ = {isa = PBXBuildFile; fileRef = AD8540151B186083003F9C92 /* PreferenceTableViewController.xib */; };
		AD85401A1B18673F003F9C92 /* PreferenceTableViewCell.swift in Sources */ = {isa = PBXBuildFile; fileRef = AD8540181B18673F003F9C92 /* PreferenceTableViewCell.swift */; };
		AD85401B1B18673F003F9C92 /* PreferenceTableViewCell.xib in Resources */ = {isa = PBXBuildFile; fileRef = AD8540191B18673F003F9C92 /* PreferenceTableViewCell.xib */; };
		AD85401D1B186A7C003F9C92 /* ActionItem.swift in Sources */ = {isa = PBXBuildFile; fileRef = AD85401C1B186A7C003F9C92 /* ActionItem.swift */; };
		ADD135C71B15B56300A9B31A /* KeyChainListTableViewController.swift in Sources */ = {isa = PBXBuildFile; fileRef = ADD135C01B15B56300A9B31A /* KeyChainListTableViewController.swift */; };
		ADD135C81B15B56300A9B31A /* KeyDetailViewController.swift in Sources */ = {isa = PBXBuildFile; fileRef = ADD135C11B15B56300A9B31A /* KeyDetailViewController.swift */; };
		ADD135C91B15B56300A9B31A /* KeyDetailViewController.xib in Resources */ = {isa = PBXBuildFile; fileRef = ADD135C21B15B56300A9B31A /* KeyDetailViewController.xib */; };
		ADD135CA1B15B56300A9B31A /* KeyItem.swift in Sources */ = {isa = PBXBuildFile; fileRef = ADD135C31B15B56300A9B31A /* KeyItem.swift */; };
		ADD135CB1B15B56300A9B31A /* KeyItemTableViewCell.swift in Sources */ = {isa = PBXBuildFile; fileRef = ADD135C41B15B56300A9B31A /* KeyItemTableViewCell.swift */; };
		ADD135CC1B15B56300A9B31A /* KeyItemTableViewCell.xib in Resources */ = {isa = PBXBuildFile; fileRef = ADD135C51B15B56300A9B31A /* KeyItemTableViewCell.xib */; };
		ADD135CD1B15B56300A9B31A /* SharedClassExtensions.swift in Sources */ = {isa = PBXBuildFile; fileRef = ADD135C61B15B56300A9B31A /* SharedClassExtensions.swift */; };
		ADD135D01B15C17500A9B31A /* KeyChainListTableViewController.xib in Resources */ = {isa = PBXBuildFile; fileRef = ADD135CF1B15C17500A9B31A /* KeyChainListTableViewController.xib */; };
		ADDE66021B1DC81D00880FA1 /* PreferenceEditAccountTableViewController.swift in Sources */ = {isa = PBXBuildFile; fileRef = ADDE66001B1DC81D00880FA1 /* PreferenceEditAccountTableViewController.swift */; };
		ADDE66031B1DC81D00880FA1 /* PreferenceEditAccountTableViewController.xib in Resources */ = {isa = PBXBuildFile; fileRef = ADDE66011B1DC81D00880FA1 /* PreferenceEditAccountTableViewController.xib */; };
/* End PBXBuildFile section */

/* Begin PBXContainerItemProxy section */
		3DF253C01AF7611D00B99BC8 /* PBXContainerItemProxy */ = {
			isa = PBXContainerItemProxy;
			containerPortal = 3DF2539F1AF7611D00B99BC8 /* Project object */;
			proxyType = 1;
			remoteGlobalIDString = 3DF253A61AF7611D00B99BC8;
			remoteInfo = FixMyMail;
		};
/* End PBXContainerItemProxy section */

/* Begin PBXFileReference section */
		3D0FFD681B09E7E100C4F8F6 /* SidebarTableViewController.xib */ = {isa = PBXFileReference; fileEncoding = 4; lastKnownFileType = file.xib; path = SidebarTableViewController.xib; sourceTree = "<group>"; };
		3D0FFD6A1B0A22F100C4F8F6 /* SideBarTableViewCell.xib */ = {isa = PBXFileReference; fileEncoding = 4; lastKnownFileType = file.xib; path = SideBarTableViewCell.xib; sourceTree = "<group>"; };
		3D0FFD6C1B0A297700C4F8F6 /* ContentViewController.xib */ = {isa = PBXFileReference; fileEncoding = 4; lastKnownFileType = file.xib; path = ContentViewController.xib; sourceTree = "<group>"; };
		3D37FFA81B01DBC200388F81 /* ContentViewController.swift */ = {isa = PBXFileReference; fileEncoding = 4; lastKnownFileType = sourcecode.swift; path = ContentViewController.swift; sourceTree = "<group>"; };
		3D8D90E01B00A1F900D5135D /* SidebarTableViewController.swift */ = {isa = PBXFileReference; fileEncoding = 4; lastKnownFileType = sourcecode.swift; path = SidebarTableViewController.swift; sourceTree = "<group>"; };
		3D8D90E31B00A2CA00D5135D /* SideBarTableViewCell.swift */ = {isa = PBXFileReference; fileEncoding = 4; lastKnownFileType = sourcecode.swift; path = SideBarTableViewCell.swift; sourceTree = "<group>"; };
		3D9027521AF96D0D000D3E72 /* MailCore.framework */ = {isa = PBXFileReference; lastKnownFileType = wrapper.framework; name = MailCore.framework; path = ../Carthage/Build/iOS/MailCore.framework; sourceTree = "<group>"; };
		3D9027531AF96D0D000D3E72 /* SwiftyJSON.framework */ = {isa = PBXFileReference; lastKnownFileType = wrapper.framework; name = SwiftyJSON.framework; path = ../Carthage/Build/iOS/SwiftyJSON.framework; sourceTree = "<group>"; };
		3D90275D1AF97167000D3E72 /* CoreData.framework */ = {isa = PBXFileReference; lastKnownFileType = wrapper.framework; name = CoreData.framework; path = System/Library/Frameworks/CoreData.framework; sourceTree = SDKROOT; };
		3D90275F1AF97313000D3E72 /* EmailAccount.swift */ = {isa = PBXFileReference; fileEncoding = 4; lastKnownFileType = sourcecode.swift; path = EmailAccount.swift; sourceTree = "<group>"; };
		3D9027611AF97313000D3E72 /* Email.swift */ = {isa = PBXFileReference; fileEncoding = 4; lastKnownFileType = sourcecode.swift; path = Email.swift; sourceTree = "<group>"; };
		3DF253A71AF7611D00B99BC8 /* FixMyMail.app */ = {isa = PBXFileReference; explicitFileType = wrapper.application; includeInIndex = 0; path = FixMyMail.app; sourceTree = BUILT_PRODUCTS_DIR; };
		3DF253AB1AF7611D00B99BC8 /* Info.plist */ = {isa = PBXFileReference; lastKnownFileType = text.plist.xml; path = Info.plist; sourceTree = "<group>"; };
		3DF253AC1AF7611D00B99BC8 /* AppDelegate.swift */ = {isa = PBXFileReference; lastKnownFileType = sourcecode.swift; path = AppDelegate.swift; sourceTree = "<group>"; };
		3DF253AF1AF7611D00B99BC8 /* FixMyMail.xcdatamodel */ = {isa = PBXFileReference; lastKnownFileType = wrapper.xcdatamodel; path = FixMyMail.xcdatamodel; sourceTree = "<group>"; };
		3DF253B11AF7611D00B99BC8 /* ContainerViewController.swift */ = {isa = PBXFileReference; lastKnownFileType = sourcecode.swift; path = ContainerViewController.swift; sourceTree = "<group>"; };
		3DF253B41AF7611D00B99BC8 /* Base */ = {isa = PBXFileReference; lastKnownFileType = file.storyboard; name = Base; path = Base.lproj/Main.storyboard; sourceTree = "<group>"; };
		3DF253B61AF7611D00B99BC8 /* Images.xcassets */ = {isa = PBXFileReference; lastKnownFileType = folder.assetcatalog; path = Images.xcassets; sourceTree = "<group>"; };
		3DF253B91AF7611D00B99BC8 /* Base */ = {isa = PBXFileReference; lastKnownFileType = file.xib; name = Base; path = Base.lproj/LaunchScreen.xib; sourceTree = "<group>"; };
		3DF253BF1AF7611D00B99BC8 /* FixMyMailTests.xctest */ = {isa = PBXFileReference; explicitFileType = wrapper.cfbundle; includeInIndex = 0; path = FixMyMailTests.xctest; sourceTree = BUILT_PRODUCTS_DIR; };
		3DF253C41AF7611E00B99BC8 /* Info.plist */ = {isa = PBXFileReference; lastKnownFileType = text.plist.xml; path = Info.plist; sourceTree = "<group>"; };
		3DF253C51AF7611E00B99BC8 /* FixMyMailTests.swift */ = {isa = PBXFileReference; lastKnownFileType = sourcecode.swift; path = FixMyMailTests.swift; sourceTree = "<group>"; };
		3DF253E91AF76A6A00B99BC8 /* MailCore2-Bridging-Header.h */ = {isa = PBXFileReference; lastKnownFileType = sourcecode.c.h; name = "MailCore2-Bridging-Header.h"; path = "FixMyMailTests/MailCore2-Bridging-Header.h"; sourceTree = SOURCE_ROOT; };
		8E1441121B1DE76F00F1A023 /* SendViewCellSubject.swift */ = {isa = PBXFileReference; fileEncoding = 4; lastKnownFileType = sourcecode.swift; path = SendViewCellSubject.swift; sourceTree = "<group>"; };
		8E1441141B1DE7E100F1A023 /* SendViewCellSubject.xib */ = {isa = PBXFileReference; fileEncoding = 4; lastKnownFileType = file.xib; path = SendViewCellSubject.xib; sourceTree = "<group>"; };
		8E1441161B1DEFFA00F1A023 /* SendViewCellSuggestion.swift */ = {isa = PBXFileReference; fileEncoding = 4; lastKnownFileType = sourcecode.swift; path = SendViewCellSuggestion.swift; sourceTree = "<group>"; };
		8E14411B1B1DF78E00F1A023 /* SendViewCellSuggestion.xib */ = {isa = PBXFileReference; fileEncoding = 4; lastKnownFileType = file.xib; path = SendViewCellSuggestion.xib; sourceTree = "<group>"; };
		8E450B941B15BBF0001E37B9 /* CustomMailTableViewCell.swift */ = {isa = PBXFileReference; fileEncoding = 4; lastKnownFileType = sourcecode.swift; path = CustomMailTableViewCell.swift; sourceTree = "<group>"; };
		8E450B951B15BBF0001E37B9 /* CustomMailTableViewCell.xib */ = {isa = PBXFileReference; fileEncoding = 4; lastKnownFileType = file.xib; path = CustomMailTableViewCell.xib; sourceTree = "<group>"; };
		8E450B991B15BBF0001E37B9 /* MailSendViewController.swift */ = {isa = PBXFileReference; fileEncoding = 4; lastKnownFileType = sourcecode.swift; path = MailSendViewController.swift; sourceTree = "<group>"; };
		8E450B9B1B15BBF0001E37B9 /* MailTableViewController.swift */ = {isa = PBXFileReference; fileEncoding = 4; lastKnownFileType = sourcecode.swift; path = MailTableViewController.swift; sourceTree = "<group>"; };
		8E450B9C1B15BBF0001E37B9 /* MailTableViewController.xib */ = {isa = PBXFileReference; fileEncoding = 4; lastKnownFileType = file.xib; path = MailTableViewController.xib; sourceTree = "<group>"; };
		8E450B9F1B15BBF0001E37B9 /* MCOCIDURLProtocol.h */ = {isa = PBXFileReference; fileEncoding = 4; lastKnownFileType = sourcecode.c.h; path = MCOCIDURLProtocol.h; sourceTree = "<group>"; };
		8E450BA01B15BBF0001E37B9 /* MCOCIDURLProtocol.mm */ = {isa = PBXFileReference; fileEncoding = 4; lastKnownFileType = sourcecode.cpp.objcpp; path = MCOCIDURLProtocol.mm; sourceTree = "<group>"; };
		8E450BA11B15BBF0001E37B9 /* MCOMessageView.h */ = {isa = PBXFileReference; fileEncoding = 4; lastKnownFileType = sourcecode.c.h; path = MCOMessageView.h; sourceTree = "<group>"; };
		8E450BA21B15BBF0001E37B9 /* MCOMessageView.mm */ = {isa = PBXFileReference; fileEncoding = 4; lastKnownFileType = sourcecode.cpp.objcpp; path = MCOMessageView.mm; sourceTree = "<group>"; };
		8E450BA31B15BBF0001E37B9 /* MCTMsgViewController.h */ = {isa = PBXFileReference; fileEncoding = 4; lastKnownFileType = sourcecode.c.h; path = MCTMsgViewController.h; sourceTree = "<group>"; };
		8E450BA41B15BBF0001E37B9 /* MCTMsgViewController.mm */ = {isa = PBXFileReference; fileEncoding = 4; lastKnownFileType = sourcecode.cpp.objcpp; path = MCTMsgViewController.mm; sourceTree = "<group>"; };
		8E450BB71B15BD2F001E37B9 /* CoreImage.framework */ = {isa = PBXFileReference; lastKnownFileType = wrapper.framework; name = CoreImage.framework; path = System/Library/Frameworks/CoreImage.framework; sourceTree = SDKROOT; };
		8E450BB91B15BD35001E37B9 /* ImageIO.framework */ = {isa = PBXFileReference; lastKnownFileType = wrapper.framework; name = ImageIO.framework; path = System/Library/Frameworks/ImageIO.framework; sourceTree = SDKROOT; };
		8E57385A1B1B19C8009AA28A /* WebViewController.swift */ = {isa = PBXFileReference; fileEncoding = 4; lastKnownFileType = sourcecode.swift; path = WebViewController.swift; sourceTree = "<group>"; };
		A917E1F51B206D1F0069BC91 /* KSToken.swift */ = {isa = PBXFileReference; fileEncoding = 4; lastKnownFileType = sourcecode.swift; name = KSToken.swift; path = "../../../Downloads/KSTokenView-master/KSTokenView/KSToken.swift"; sourceTree = "<group>"; };
		A917E1F61B206D1F0069BC91 /* KSTokenField.swift */ = {isa = PBXFileReference; fileEncoding = 4; lastKnownFileType = sourcecode.swift; name = KSTokenField.swift; path = "../../../Downloads/KSTokenView-master/KSTokenView/KSTokenField.swift"; sourceTree = "<group>"; };
		A917E1F71B206D1F0069BC91 /* KSTokenView.swift */ = {isa = PBXFileReference; fileEncoding = 4; lastKnownFileType = sourcecode.swift; name = KSTokenView.swift; path = "../../../Downloads/KSTokenView-master/KSTokenView/KSTokenView.swift"; sourceTree = "<group>"; };
		A917E1F81B206D1F0069BC91 /* KSUtils.swift */ = {isa = PBXFileReference; fileEncoding = 4; lastKnownFileType = sourcecode.swift; name = KSUtils.swift; path = "../../../Downloads/KSTokenView-master/KSTokenView/KSUtils.swift"; sourceTree = "<group>"; };
		A917E1FF1B208ADF0069BC91 /* MailSendViewController.xib */ = {isa = PBXFileReference; fileEncoding = 4; lastKnownFileType = file.xib; path = MailSendViewController.xib; sourceTree = "<group>"; };
		AD0100A21B19EDB1009E4E18 /* PreferenceAccountListTableViewController.swift */ = {isa = PBXFileReference; fileEncoding = 4; lastKnownFileType = sourcecode.swift; path = PreferenceAccountListTableViewController.swift; sourceTree = "<group>"; };
		AD0100A31B19EDB1009E4E18 /* PreferenceAccountListTableViewController.xib */ = {isa = PBXFileReference; fileEncoding = 4; lastKnownFileType = file.xib; path = PreferenceAccountListTableViewController.xib; sourceTree = "<group>"; };
		AD1255DB1B1A223A005EA5CE /* ios7-plus.png */ = {isa = PBXFileReference; lastKnownFileType = image.png; path = "ios7-plus.png"; sourceTree = "<group>"; };
		AD1255DD1B1A2B6C005EA5CE /* Gmail-128.png */ = {isa = PBXFileReference; lastKnownFileType = image.png; path = "Gmail-128.png"; sourceTree = "<group>"; };
		AD1255DF1B1A302F005EA5CE /* sources.txt */ = {isa = PBXFileReference; fileEncoding = 4; lastKnownFileType = text; path = sources.txt; sourceTree = "<group>"; };
		AD16B2211B1C594B001645A5 /* PreferenceAccountTableViewCell.swift */ = {isa = PBXFileReference; fileEncoding = 4; lastKnownFileType = sourcecode.swift; path = PreferenceAccountTableViewCell.swift; sourceTree = "<group>"; };
		AD16B2221B1C594B001645A5 /* PreferenceAccountTableViewCell.xib */ = {isa = PBXFileReference; fileEncoding = 4; lastKnownFileType = file.xib; path = PreferenceAccountTableViewCell.xib; sourceTree = "<group>"; };
		AD187B1B1B1FB4C2007806D9 /* Locksmith.swift */ = {isa = PBXFileReference; fileEncoding = 4; lastKnownFileType = sourcecode.swift; path = Locksmith.swift; sourceTree = "<group>"; };
		AD187B1C1B1FB4C2007806D9 /* LocksmithRequest.swift */ = {isa = PBXFileReference; fileEncoding = 4; lastKnownFileType = sourcecode.swift; path = LocksmithRequest.swift; sourceTree = "<group>"; };
		AD24BE1F1B23042500804732 /* EmailAccount_Support.swift */ = {isa = PBXFileReference; fileEncoding = 4; lastKnownFileType = sourcecode.swift; path = EmailAccount_Support.swift; sourceTree = "<group>"; };
		AD44E0211B1AFE0300751FFA /* smile-gray.png */ = {isa = PBXFileReference; lastKnownFileType = image.png; path = "smile-gray.png"; sourceTree = "<group>"; };
		AD44E0231B1B017900751FFA /* outlook.png */ = {isa = PBXFileReference; lastKnownFileType = image.png; path = outlook.png; sourceTree = "<group>"; };
		AD44E0241B1B017900751FFA /* Yahoo-icon.png */ = {isa = PBXFileReference; lastKnownFileType = image.png; path = "Yahoo-icon.png"; sourceTree = "<group>"; };
		AD44E0251B1B017900751FFA /* gmx.png */ = {isa = PBXFileReference; lastKnownFileType = image.png; path = gmx.png; sourceTree = "<group>"; };
		AD44E0261B1B017900751FFA /* webde.png */ = {isa = PBXFileReference; lastKnownFileType = image.png; path = webde.png; sourceTree = "<group>"; };
		AD44E02F1B1B22E700751FFA /* TextfieldWithPadding.swift */ = {isa = PBXFileReference; fileEncoding = 4; lastKnownFileType = sourcecode.swift; path = TextfieldWithPadding.swift; sourceTree = "<group>"; };
		AD44E0351B1B51ED00751FFA /* icloud-icon.png */ = {isa = PBXFileReference; lastKnownFileType = image.png; path = "icloud-icon.png"; sourceTree = "<group>"; };
		AD44E0371B1B528400751FFA /* fau-logo.png */ = {isa = PBXFileReference; lastKnownFileType = image.png; path = "fau-logo.png"; sourceTree = "<group>"; };
		AD8540141B186083003F9C92 /* PreferenceTableViewController.swift */ = {isa = PBXFileReference; fileEncoding = 4; lastKnownFileType = sourcecode.swift; path = PreferenceTableViewController.swift; sourceTree = "<group>"; };
		AD8540151B186083003F9C92 /* PreferenceTableViewController.xib */ = {isa = PBXFileReference; fileEncoding = 4; lastKnownFileType = file.xib; path = PreferenceTableViewController.xib; sourceTree = "<group>"; };
		AD8540181B18673F003F9C92 /* PreferenceTableViewCell.swift */ = {isa = PBXFileReference; fileEncoding = 4; lastKnownFileType = sourcecode.swift; path = PreferenceTableViewCell.swift; sourceTree = "<group>"; };
		AD8540191B18673F003F9C92 /* PreferenceTableViewCell.xib */ = {isa = PBXFileReference; fileEncoding = 4; lastKnownFileType = file.xib; path = PreferenceTableViewCell.xib; sourceTree = "<group>"; };
		AD85401C1B186A7C003F9C92 /* ActionItem.swift */ = {isa = PBXFileReference; fileEncoding = 4; lastKnownFileType = sourcecode.swift; path = ActionItem.swift; sourceTree = "<group>"; };
		ADD135C01B15B56300A9B31A /* KeyChainListTableViewController.swift */ = {isa = PBXFileReference; fileEncoding = 4; lastKnownFileType = sourcecode.swift; path = KeyChainListTableViewController.swift; sourceTree = "<group>"; };
		ADD135C11B15B56300A9B31A /* KeyDetailViewController.swift */ = {isa = PBXFileReference; fileEncoding = 4; lastKnownFileType = sourcecode.swift; path = KeyDetailViewController.swift; sourceTree = "<group>"; };
		ADD135C21B15B56300A9B31A /* KeyDetailViewController.xib */ = {isa = PBXFileReference; fileEncoding = 4; lastKnownFileType = file.xib; path = KeyDetailViewController.xib; sourceTree = "<group>"; };
		ADD135C31B15B56300A9B31A /* KeyItem.swift */ = {isa = PBXFileReference; fileEncoding = 4; lastKnownFileType = sourcecode.swift; path = KeyItem.swift; sourceTree = "<group>"; };
		ADD135C41B15B56300A9B31A /* KeyItemTableViewCell.swift */ = {isa = PBXFileReference; fileEncoding = 4; lastKnownFileType = sourcecode.swift; path = KeyItemTableViewCell.swift; sourceTree = "<group>"; };
		ADD135C51B15B56300A9B31A /* KeyItemTableViewCell.xib */ = {isa = PBXFileReference; fileEncoding = 4; lastKnownFileType = file.xib; path = KeyItemTableViewCell.xib; sourceTree = "<group>"; };
		ADD135C61B15B56300A9B31A /* SharedClassExtensions.swift */ = {isa = PBXFileReference; fileEncoding = 4; lastKnownFileType = sourcecode.swift; path = SharedClassExtensions.swift; sourceTree = "<group>"; };
		ADD135CF1B15C17500A9B31A /* KeyChainListTableViewController.xib */ = {isa = PBXFileReference; fileEncoding = 4; lastKnownFileType = file.xib; path = KeyChainListTableViewController.xib; sourceTree = "<group>"; };
		ADDE66001B1DC81D00880FA1 /* PreferenceEditAccountTableViewController.swift */ = {isa = PBXFileReference; fileEncoding = 4; lastKnownFileType = sourcecode.swift; path = PreferenceEditAccountTableViewController.swift; sourceTree = "<group>"; };
		ADDE66011B1DC81D00880FA1 /* PreferenceEditAccountTableViewController.xib */ = {isa = PBXFileReference; fileEncoding = 4; lastKnownFileType = file.xib; path = PreferenceEditAccountTableViewController.xib; sourceTree = "<group>"; };
/* End PBXFileReference section */

/* Begin PBXFrameworksBuildPhase section */
		3DF253A41AF7611D00B99BC8 /* Frameworks */ = {
			isa = PBXFrameworksBuildPhase;
			buildActionMask = 2147483647;
			files = (
				8E450BBA1B15BD35001E37B9 /* ImageIO.framework in Frameworks */,
				8E450BB81B15BD2F001E37B9 /* CoreImage.framework in Frameworks */,
				3D90275E1AF97167000D3E72 /* CoreData.framework in Frameworks */,
				3D9027541AF96D0D000D3E72 /* MailCore.framework in Frameworks */,
				3D9027551AF96D0D000D3E72 /* SwiftyJSON.framework in Frameworks */,
			);
			runOnlyForDeploymentPostprocessing = 0;
		};
		3DF253BC1AF7611D00B99BC8 /* Frameworks */ = {
			isa = PBXFrameworksBuildPhase;
			buildActionMask = 2147483647;
			files = (
			);
			runOnlyForDeploymentPostprocessing = 0;
		};
/* End PBXFrameworksBuildPhase section */

/* Begin PBXGroup section */
		3D8D90DF1B00A1DE00D5135D /* ViewController */ = {
			isa = PBXGroup;
			children = (
				3DF253B11AF7611D00B99BC8 /* ContainerViewController.swift */,
				8E450B991B15BBF0001E37B9 /* MailSendViewController.swift */,
				A917E1FF1B208ADF0069BC91 /* MailSendViewController.xib */,
				8E450B9B1B15BBF0001E37B9 /* MailTableViewController.swift */,
				8E450B9C1B15BBF0001E37B9 /* MailTableViewController.xib */,
				ADD135C01B15B56300A9B31A /* KeyChainListTableViewController.swift */,
				ADD135CF1B15C17500A9B31A /* KeyChainListTableViewController.xib */,
				ADD135C11B15B56300A9B31A /* KeyDetailViewController.swift */,
				ADD135C21B15B56300A9B31A /* KeyDetailViewController.xib */,
				3D8D90E01B00A1F900D5135D /* SidebarTableViewController.swift */,
				3D0FFD681B09E7E100C4F8F6 /* SidebarTableViewController.xib */,
				3D37FFA81B01DBC200388F81 /* ContentViewController.swift */,
				3D0FFD6C1B0A297700C4F8F6 /* ContentViewController.xib */,
				8E57385A1B1B19C8009AA28A /* WebViewController.swift */,
				AD0100A01B19EC99009E4E18 /* Preferences */,
			);
			name = ViewController;
			sourceTree = "<group>";
		};
		3D8D90E21B00A2AF00D5135D /* UI */ = {
			isa = PBXGroup;
			children = (
				ADD135C41B15B56300A9B31A /* KeyItemTableViewCell.swift */,
				ADD135C51B15B56300A9B31A /* KeyItemTableViewCell.xib */,
				3D8D90E31B00A2CA00D5135D /* SideBarTableViewCell.swift */,
				3D0FFD6A1B0A22F100C4F8F6 /* SideBarTableViewCell.xib */,
				8E450B941B15BBF0001E37B9 /* CustomMailTableViewCell.swift */,
				8E450B951B15BBF0001E37B9 /* CustomMailTableViewCell.xib */,
				AD44E02F1B1B22E700751FFA /* TextfieldWithPadding.swift */,
				8E1441181B1DF00500F1A023 /* SendView */,
				AD0100A11B19ECC4009E4E18 /* Preferences */,
			);
			name = UI;
			sourceTree = "<group>";
		};
		3D9027561AF970A2000D3E72 /* CoreData */ = {
			isa = PBXGroup;
			children = (
				3DF253AE1AF7611D00B99BC8 /* FixMyMail.xcdatamodeld */,
				3D9027611AF97313000D3E72 /* Email.swift */,
				3D90275F1AF97313000D3E72 /* EmailAccount.swift */,
			);
			name = CoreData;
			sourceTree = "<group>";
		};
		3DF2539E1AF7611D00B99BC8 = {
			isa = PBXGroup;
			children = (
				3DF253A91AF7611D00B99BC8 /* FixMyMail */,
				3DF253C21AF7611E00B99BC8 /* FixMyMailTests */,
				3DF253A81AF7611D00B99BC8 /* Products */,
			);
			sourceTree = "<group>";
		};
		3DF253A81AF7611D00B99BC8 /* Products */ = {
			isa = PBXGroup;
			children = (
				3DF253A71AF7611D00B99BC8 /* FixMyMail.app */,
				3DF253BF1AF7611D00B99BC8 /* FixMyMailTests.xctest */,
			);
			name = Products;
			sourceTree = "<group>";
		};
		3DF253A91AF7611D00B99BC8 /* FixMyMail */ = {
			isa = PBXGroup;
			children = (
				AD1255DA1B1A2207005EA5CE /* Icons */,
				3DF253AC1AF7611D00B99BC8 /* AppDelegate.swift */,
				3D8D90E21B00A2AF00D5135D /* UI */,
				3D9027561AF970A2000D3E72 /* CoreData */,
				ADD135CE1B15B5C200A9B31A /* Model */,
				3D8D90DF1B00A1DE00D5135D /* ViewController */,
				3DF253B31AF7611D00B99BC8 /* Main.storyboard */,
				3DF253B61AF7611D00B99BC8 /* Images.xcassets */,
				3DF253B81AF7611D00B99BC8 /* LaunchScreen.xib */,
				3DF253AA1AF7611D00B99BC8 /* Supporting Files */,
			);
			path = FixMyMail;
			sourceTree = "<group>";
		};
		3DF253AA1AF7611D00B99BC8 /* Supporting Files */ = {
			isa = PBXGroup;
			children = (
				8E450BB91B15BD35001E37B9 /* ImageIO.framework */,
				8E450BB71B15BD2F001E37B9 /* CoreImage.framework */,
				3D90275D1AF97167000D3E72 /* CoreData.framework */,
				3D9027521AF96D0D000D3E72 /* MailCore.framework */,
				3D9027531AF96D0D000D3E72 /* SwiftyJSON.framework */,
				AD187B1F1B1FB4D8007806D9 /* Locksmith */,
				ADD135C61B15B56300A9B31A /* SharedClassExtensions.swift */,
				A917E1F51B206D1F0069BC91 /* KSToken.swift */,
				A917E1F61B206D1F0069BC91 /* KSTokenField.swift */,
				A917E1F71B206D1F0069BC91 /* KSTokenView.swift */,
				A917E1F81B206D1F0069BC91 /* KSUtils.swift */,
				AD24BE1F1B23042500804732 /* EmailAccount_Support.swift */,
				3DF253E91AF76A6A00B99BC8 /* MailCore2-Bridging-Header.h */,
				8E450B9F1B15BBF0001E37B9 /* MCOCIDURLProtocol.h */,
				8E450BA01B15BBF0001E37B9 /* MCOCIDURLProtocol.mm */,
				8E450BA11B15BBF0001E37B9 /* MCOMessageView.h */,
				8E450BA21B15BBF0001E37B9 /* MCOMessageView.mm */,
				8E450BA31B15BBF0001E37B9 /* MCTMsgViewController.h */,
				8E450BA41B15BBF0001E37B9 /* MCTMsgViewController.mm */,
				3DF253AB1AF7611D00B99BC8 /* Info.plist */,
			);
			name = "Supporting Files";
			sourceTree = "<group>";
		};
		3DF253C21AF7611E00B99BC8 /* FixMyMailTests */ = {
			isa = PBXGroup;
			children = (
				3DF253C51AF7611E00B99BC8 /* FixMyMailTests.swift */,
				3DF253C31AF7611E00B99BC8 /* Supporting Files */,
			);
			path = FixMyMailTests;
			sourceTree = "<group>";
		};
		3DF253C31AF7611E00B99BC8 /* Supporting Files */ = {
			isa = PBXGroup;
			children = (
				3DF253C41AF7611E00B99BC8 /* Info.plist */,
			);
			name = "Supporting Files";
			sourceTree = "<group>";
		};
		8E1441181B1DF00500F1A023 /* SendView */ = {
			isa = PBXGroup;
			children = (
				8E1441121B1DE76F00F1A023 /* SendViewCellSubject.swift */,
				8E1441141B1DE7E100F1A023 /* SendViewCellSubject.xib */,
				8E1441161B1DEFFA00F1A023 /* SendViewCellSuggestion.swift */,
				8E14411B1B1DF78E00F1A023 /* SendViewCellSuggestion.xib */,
			);
			name = SendView;
			sourceTree = "<group>";
		};
		AD0100A01B19EC99009E4E18 /* Preferences */ = {
			isa = PBXGroup;
			children = (
				AD8540141B186083003F9C92 /* PreferenceTableViewController.swift */,
				AD8540151B186083003F9C92 /* PreferenceTableViewController.xib */,
				AD0100A21B19EDB1009E4E18 /* PreferenceAccountListTableViewController.swift */,
				AD0100A31B19EDB1009E4E18 /* PreferenceAccountListTableViewController.xib */,
				ADDE66001B1DC81D00880FA1 /* PreferenceEditAccountTableViewController.swift */,
				ADDE66011B1DC81D00880FA1 /* PreferenceEditAccountTableViewController.xib */,
			);
			name = Preferences;
			sourceTree = "<group>";
		};
		AD0100A11B19ECC4009E4E18 /* Preferences */ = {
			isa = PBXGroup;
			children = (
				AD16B2211B1C594B001645A5 /* PreferenceAccountTableViewCell.swift */,
				AD16B2221B1C594B001645A5 /* PreferenceAccountTableViewCell.xib */,
				AD8540181B18673F003F9C92 /* PreferenceTableViewCell.swift */,
				AD8540191B18673F003F9C92 /* PreferenceTableViewCell.xib */,
			);
			name = Preferences;
			sourceTree = "<group>";
		};
		AD1255DA1B1A2207005EA5CE /* Icons */ = {
			isa = PBXGroup;
			children = (
				AD44E0371B1B528400751FFA /* fau-logo.png */,
				AD44E0351B1B51ED00751FFA /* icloud-icon.png */,
				AD44E0231B1B017900751FFA /* outlook.png */,
				AD44E0241B1B017900751FFA /* Yahoo-icon.png */,
				AD44E0251B1B017900751FFA /* gmx.png */,
				AD44E0261B1B017900751FFA /* webde.png */,
				AD44E0211B1AFE0300751FFA /* smile-gray.png */,
				AD1255DD1B1A2B6C005EA5CE /* Gmail-128.png */,
				AD1255DB1B1A223A005EA5CE /* ios7-plus.png */,
				AD1255DF1B1A302F005EA5CE /* sources.txt */,
			);
			name = Icons;
			sourceTree = "<group>";
		};
		AD187B1F1B1FB4D8007806D9 /* Locksmith */ = {
			isa = PBXGroup;
			children = (
				AD187B1B1B1FB4C2007806D9 /* Locksmith.swift */,
				AD187B1C1B1FB4C2007806D9 /* LocksmithRequest.swift */,
			);
			name = Locksmith;
			sourceTree = "<group>";
		};
		ADD135CE1B15B5C200A9B31A /* Model */ = {
			isa = PBXGroup;
			children = (
				ADD135C31B15B56300A9B31A /* KeyItem.swift */,
				AD85401C1B186A7C003F9C92 /* ActionItem.swift */,
			);
			name = Model;
			sourceTree = "<group>";
		};
/* End PBXGroup section */

/* Begin PBXNativeTarget section */
		3DF253A61AF7611D00B99BC8 /* FixMyMail */ = {
			isa = PBXNativeTarget;
			buildConfigurationList = 3DF253C91AF7611E00B99BC8 /* Build configuration list for PBXNativeTarget "FixMyMail" */;
			buildPhases = (
				3DF253A31AF7611D00B99BC8 /* Sources */,
				3DF253A41AF7611D00B99BC8 /* Frameworks */,
				3DF253A51AF7611D00B99BC8 /* Resources */,
				3DF253CF1AF766A200B99BC8 /* ShellScript */,
			);
			buildRules = (
			);
			dependencies = (
			);
			name = FixMyMail;
			productName = FixMyMail;
			productReference = 3DF253A71AF7611D00B99BC8 /* FixMyMail.app */;
			productType = "com.apple.product-type.application";
		};
		3DF253BE1AF7611D00B99BC8 /* FixMyMailTests */ = {
			isa = PBXNativeTarget;
			buildConfigurationList = 3DF253CC1AF7611E00B99BC8 /* Build configuration list for PBXNativeTarget "FixMyMailTests" */;
			buildPhases = (
				3DF253BB1AF7611D00B99BC8 /* Sources */,
				3DF253BC1AF7611D00B99BC8 /* Frameworks */,
				3DF253BD1AF7611D00B99BC8 /* Resources */,
			);
			buildRules = (
			);
			dependencies = (
				3DF253C11AF7611D00B99BC8 /* PBXTargetDependency */,
			);
			name = FixMyMailTests;
			productName = FixMyMailTests;
			productReference = 3DF253BF1AF7611D00B99BC8 /* FixMyMailTests.xctest */;
			productType = "com.apple.product-type.bundle.unit-test";
		};
/* End PBXNativeTarget section */

/* Begin PBXProject section */
		3DF2539F1AF7611D00B99BC8 /* Project object */ = {
			isa = PBXProject;
			attributes = {
				LastUpgradeCheck = 0630;
				ORGANIZATIONNAME = FixMymail;
				TargetAttributes = {
					3DF253A61AF7611D00B99BC8 = {
						CreatedOnToolsVersion = 6.3.1;
						DevelopmentTeam = 3928PFTW6V;
					};
					3DF253BE1AF7611D00B99BC8 = {
						CreatedOnToolsVersion = 6.3.1;
						TestTargetID = 3DF253A61AF7611D00B99BC8;
					};
				};
			};
			buildConfigurationList = 3DF253A21AF7611D00B99BC8 /* Build configuration list for PBXProject "FixMyMail" */;
			compatibilityVersion = "Xcode 3.2";
			developmentRegion = English;
			hasScannedForEncodings = 0;
			knownRegions = (
				en,
				Base,
			);
			mainGroup = 3DF2539E1AF7611D00B99BC8;
			productRefGroup = 3DF253A81AF7611D00B99BC8 /* Products */;
			projectDirPath = "";
			projectRoot = "";
			targets = (
				3DF253A61AF7611D00B99BC8 /* FixMyMail */,
				3DF253BE1AF7611D00B99BC8 /* FixMyMailTests */,
			);
		};
/* End PBXProject section */

/* Begin PBXResourcesBuildPhase section */
		3DF253A51AF7611D00B99BC8 /* Resources */ = {
			isa = PBXResourcesBuildPhase;
			buildActionMask = 2147483647;
			files = (
				3D0FFD691B09E7E100C4F8F6 /* SidebarTableViewController.xib in Resources */,
				AD44E0221B1AFE0300751FFA /* smile-gray.png in Resources */,
				AD44E0361B1B51ED00751FFA /* icloud-icon.png in Resources */,
				AD85401B1B18673F003F9C92 /* PreferenceTableViewCell.xib in Resources */,
				8E450BAF1B15BBF0001E37B9 /* MailTableViewController.xib in Resources */,
				ADDE66031B1DC81D00880FA1 /* PreferenceEditAccountTableViewController.xib in Resources */,
				3DF253B51AF7611D00B99BC8 /* Main.storyboard in Resources */,
				8E450BA91B15BBF0001E37B9 /* CustomMailTableViewCell.xib in Resources */,
				3D0FFD6D1B0A297700C4F8F6 /* ContentViewController.xib in Resources */,
				AD16B2241B1C594B001645A5 /* PreferenceAccountTableViewCell.xib in Resources */,
				AD1255E01B1A302F005EA5CE /* sources.txt in Resources */,
				AD1255DC1B1A223A005EA5CE /* ios7-plus.png in Resources */,
				AD1255DE1B1A2B6C005EA5CE /* Gmail-128.png in Resources */,
				AD44E02A1B1B017900751FFA /* webde.png in Resources */,
				AD8540171B186083003F9C92 /* PreferenceTableViewController.xib in Resources */,
				8E1441151B1DE7E100F1A023 /* SendViewCellSubject.xib in Resources */,
				AD44E0271B1B017900751FFA /* outlook.png in Resources */,
				AD44E0281B1B017900751FFA /* Yahoo-icon.png in Resources */,
				3DF253BA1AF7611D00B99BC8 /* LaunchScreen.xib in Resources */,
				ADD135D01B15C17500A9B31A /* KeyChainListTableViewController.xib in Resources */,
				AD44E0291B1B017900751FFA /* gmx.png in Resources */,
				ADD135CC1B15B56300A9B31A /* KeyItemTableViewCell.xib in Resources */,
				AD0100A51B19EDB1009E4E18 /* PreferenceAccountListTableViewController.xib in Resources */,
				ADD135C91B15B56300A9B31A /* KeyDetailViewController.xib in Resources */,
				3D0FFD6B1B0A22F100C4F8F6 /* SideBarTableViewCell.xib in Resources */,
				3DF253B71AF7611D00B99BC8 /* Images.xcassets in Resources */,
				A917E2001B208ADF0069BC91 /* MailSendViewController.xib in Resources */,
				AD44E0381B1B528400751FFA /* fau-logo.png in Resources */,
				8E14411C1B1DF78E00F1A023 /* SendViewCellSuggestion.xib in Resources */,
			);
			runOnlyForDeploymentPostprocessing = 0;
		};
		3DF253BD1AF7611D00B99BC8 /* Resources */ = {
			isa = PBXResourcesBuildPhase;
			buildActionMask = 2147483647;
			files = (
			);
			runOnlyForDeploymentPostprocessing = 0;
		};
/* End PBXResourcesBuildPhase section */

/* Begin PBXShellScriptBuildPhase section */
		3DF253CF1AF766A200B99BC8 /* ShellScript */ = {
			isa = PBXShellScriptBuildPhase;
			buildActionMask = 12;
			files = (
			);
			inputPaths = (
				"$(SRCROOT)/Carthage/Build/iOS/SwiftyJSON.framework",
				"$(SRCROOT)/Carthage/Build/iOS/MailCore.framework",
			);
			outputPaths = (
			);
			runOnlyForDeploymentPostprocessing = 0;
			shellPath = /bin/sh;
			shellScript = "/usr/local/bin/carthage build --platform \"$PLATFORM_NAME\" \"$SRCROOT\"\n/usr/local/bin/carthage copy-frameworks";
		};
/* End PBXShellScriptBuildPhase section */

/* Begin PBXSourcesBuildPhase section */
		3DF253A31AF7611D00B99BC8 /* Sources */ = {
			isa = PBXSourcesBuildPhase;
			buildActionMask = 2147483647;
			files = (
				AD0100A41B19EDB1009E4E18 /* PreferenceAccountListTableViewController.swift in Sources */,
				ADD135CA1B15B56300A9B31A /* KeyItem.swift in Sources */,
				8E450BA81B15BBF0001E37B9 /* CustomMailTableViewCell.swift in Sources */,
				ADD135CD1B15B56300A9B31A /* SharedClassExtensions.swift in Sources */,
				AD85401A1B18673F003F9C92 /* PreferenceTableViewCell.swift in Sources */,
				3DF253B21AF7611D00B99BC8 /* ContainerViewController.swift in Sources */,
				A917E1FB1B206D200069BC91 /* KSTokenView.swift in Sources */,
				AD24BE201B23042500804732 /* EmailAccount_Support.swift in Sources */,
				8E450BB41B15BBF0001E37B9 /* MCTMsgViewController.mm in Sources */,
				ADD135CB1B15B56300A9B31A /* KeyItemTableViewCell.swift in Sources */,
				3D9027621AF97313000D3E72 /* Email.swift in Sources */,
				3D8D90E11B00A1F900D5135D /* SidebarTableViewController.swift in Sources */,
				ADD135C81B15B56300A9B31A /* KeyDetailViewController.swift in Sources */,
				8E1441131B1DE76F00F1A023 /* SendViewCellSubject.swift in Sources */,
				3D37FFA91B01DBC200388F81 /* ContentViewController.swift in Sources */,
				8E57385B1B1B19C8009AA28A /* WebViewController.swift in Sources */,
				ADD135C71B15B56300A9B31A /* KeyChainListTableViewController.swift in Sources */,
				AD44E0301B1B22E700751FFA /* TextfieldWithPadding.swift in Sources */,
				8E450BB21B15BBF0001E37B9 /* MCOCIDURLProtocol.mm in Sources */,
				AD187B1E1B1FB4C2007806D9 /* LocksmithRequest.swift in Sources */,
				A917E1F91B206D200069BC91 /* KSToken.swift in Sources */,
				3DF253B01AF7611D00B99BC8 /* FixMyMail.xcdatamodeld in Sources */,
				AD8540161B186083003F9C92 /* PreferenceTableViewController.swift in Sources */,
				A917E1FA1B206D200069BC91 /* KSTokenField.swift in Sources */,
				8E450BAC1B15BBF0001E37B9 /* MailSendViewController.swift in Sources */,
				8E450BB31B15BBF0001E37B9 /* MCOMessageView.mm in Sources */,
				AD187B1D1B1FB4C2007806D9 /* Locksmith.swift in Sources */,
				3D9027601AF97313000D3E72 /* EmailAccount.swift in Sources */,
				ADDE66021B1DC81D00880FA1 /* PreferenceEditAccountTableViewController.swift in Sources */,
				3D8D90E41B00A2CA00D5135D /* SideBarTableViewCell.swift in Sources */,
				8E450BAE1B15BBF0001E37B9 /* MailTableViewController.swift in Sources */,
				3DF253AD1AF7611D00B99BC8 /* AppDelegate.swift in Sources */,
				A917E1FC1B206D200069BC91 /* KSUtils.swift in Sources */,
				AD16B2231B1C594B001645A5 /* PreferenceAccountTableViewCell.swift in Sources */,
				AD85401D1B186A7C003F9C92 /* ActionItem.swift in Sources */,
				8E1441171B1DEFFA00F1A023 /* SendViewCellSuggestion.swift in Sources */,
			);
			runOnlyForDeploymentPostprocessing = 0;
		};
		3DF253BB1AF7611D00B99BC8 /* Sources */ = {
			isa = PBXSourcesBuildPhase;
			buildActionMask = 2147483647;
			files = (
				3DF253C61AF7611E00B99BC8 /* FixMyMailTests.swift in Sources */,
			);
			runOnlyForDeploymentPostprocessing = 0;
		};
/* End PBXSourcesBuildPhase section */

/* Begin PBXTargetDependency section */
		3DF253C11AF7611D00B99BC8 /* PBXTargetDependency */ = {
			isa = PBXTargetDependency;
			target = 3DF253A61AF7611D00B99BC8 /* FixMyMail */;
			targetProxy = 3DF253C01AF7611D00B99BC8 /* PBXContainerItemProxy */;
		};
/* End PBXTargetDependency section */

/* Begin PBXVariantGroup section */
		3DF253B31AF7611D00B99BC8 /* Main.storyboard */ = {
			isa = PBXVariantGroup;
			children = (
				3DF253B41AF7611D00B99BC8 /* Base */,
			);
			name = Main.storyboard;
			sourceTree = "<group>";
		};
		3DF253B81AF7611D00B99BC8 /* LaunchScreen.xib */ = {
			isa = PBXVariantGroup;
			children = (
				3DF253B91AF7611D00B99BC8 /* Base */,
			);
			name = LaunchScreen.xib;
			sourceTree = "<group>";
		};
/* End PBXVariantGroup section */

/* Begin XCBuildConfiguration section */
		3DF253C71AF7611E00B99BC8 /* Debug */ = {
			isa = XCBuildConfiguration;
			buildSettings = {
				ALWAYS_SEARCH_USER_PATHS = NO;
				CLANG_CXX_LANGUAGE_STANDARD = "gnu++0x";
				CLANG_CXX_LIBRARY = "libc++";
				CLANG_ENABLE_MODULES = YES;
				CLANG_ENABLE_OBJC_ARC = YES;
				CLANG_WARN_BOOL_CONVERSION = YES;
				CLANG_WARN_CONSTANT_CONVERSION = YES;
				CLANG_WARN_DIRECT_OBJC_ISA_USAGE = YES_ERROR;
				CLANG_WARN_EMPTY_BODY = YES;
				CLANG_WARN_ENUM_CONVERSION = YES;
				CLANG_WARN_INT_CONVERSION = YES;
				CLANG_WARN_OBJC_ROOT_CLASS = YES_ERROR;
				CLANG_WARN_UNREACHABLE_CODE = YES;
				CLANG_WARN__DUPLICATE_METHOD_MATCH = YES;
				"CODE_SIGN_IDENTITY[sdk=iphoneos*]" = "iPhone Developer";
				COPY_PHASE_STRIP = NO;
				DEBUG_INFORMATION_FORMAT = "dwarf-with-dsym";
				ENABLE_STRICT_OBJC_MSGSEND = YES;
				GCC_C_LANGUAGE_STANDARD = gnu99;
				GCC_DYNAMIC_NO_PIC = NO;
				GCC_NO_COMMON_BLOCKS = YES;
				GCC_OPTIMIZATION_LEVEL = 0;
				GCC_PREPROCESSOR_DEFINITIONS = (
					"DEBUG=1",
					"$(inherited)",
				);
				GCC_SYMBOLS_PRIVATE_EXTERN = NO;
				GCC_WARN_64_TO_32_BIT_CONVERSION = YES;
				GCC_WARN_ABOUT_RETURN_TYPE = YES_ERROR;
				GCC_WARN_UNDECLARED_SELECTOR = YES;
				GCC_WARN_UNINITIALIZED_AUTOS = YES_AGGRESSIVE;
				GCC_WARN_UNUSED_FUNCTION = YES;
				GCC_WARN_UNUSED_VARIABLE = YES;
				IPHONEOS_DEPLOYMENT_TARGET = 8.3;
				MTL_ENABLE_DEBUG_INFO = YES;
				ONLY_ACTIVE_ARCH = YES;
				SDKROOT = iphoneos;
				SWIFT_OPTIMIZATION_LEVEL = "-Onone";
				TARGETED_DEVICE_FAMILY = "1,2";
			};
			name = Debug;
		};
		3DF253C81AF7611E00B99BC8 /* Release */ = {
			isa = XCBuildConfiguration;
			buildSettings = {
				ALWAYS_SEARCH_USER_PATHS = NO;
				CLANG_CXX_LANGUAGE_STANDARD = "gnu++0x";
				CLANG_CXX_LIBRARY = "libc++";
				CLANG_ENABLE_MODULES = YES;
				CLANG_ENABLE_OBJC_ARC = YES;
				CLANG_WARN_BOOL_CONVERSION = YES;
				CLANG_WARN_CONSTANT_CONVERSION = YES;
				CLANG_WARN_DIRECT_OBJC_ISA_USAGE = YES_ERROR;
				CLANG_WARN_EMPTY_BODY = YES;
				CLANG_WARN_ENUM_CONVERSION = YES;
				CLANG_WARN_INT_CONVERSION = YES;
				CLANG_WARN_OBJC_ROOT_CLASS = YES_ERROR;
				CLANG_WARN_UNREACHABLE_CODE = YES;
				CLANG_WARN__DUPLICATE_METHOD_MATCH = YES;
				"CODE_SIGN_IDENTITY[sdk=iphoneos*]" = "iPhone Developer";
				COPY_PHASE_STRIP = NO;
				DEBUG_INFORMATION_FORMAT = "dwarf-with-dsym";
				ENABLE_NS_ASSERTIONS = NO;
				ENABLE_STRICT_OBJC_MSGSEND = YES;
				GCC_C_LANGUAGE_STANDARD = gnu99;
				GCC_NO_COMMON_BLOCKS = YES;
				GCC_WARN_64_TO_32_BIT_CONVERSION = YES;
				GCC_WARN_ABOUT_RETURN_TYPE = YES_ERROR;
				GCC_WARN_UNDECLARED_SELECTOR = YES;
				GCC_WARN_UNINITIALIZED_AUTOS = YES_AGGRESSIVE;
				GCC_WARN_UNUSED_FUNCTION = YES;
				GCC_WARN_UNUSED_VARIABLE = YES;
				IPHONEOS_DEPLOYMENT_TARGET = 8.3;
				MTL_ENABLE_DEBUG_INFO = NO;
				SDKROOT = iphoneos;
				TARGETED_DEVICE_FAMILY = "1,2";
				VALIDATE_PRODUCT = YES;
			};
			name = Release;
		};
		3DF253CA1AF7611E00B99BC8 /* Debug */ = {
			isa = XCBuildConfiguration;
			buildSettings = {
				ASSETCATALOG_COMPILER_APPICON_NAME = AppIcon;
				CODE_SIGN_IDENTITY = "iPhone Developer";
				"CODE_SIGN_IDENTITY[sdk=iphoneos*]" = "iPhone Developer";
				FRAMEWORK_SEARCH_PATHS = (
					"$(inherited)",
					"$(PROJECT_DIR)/**",
					"$(PROJECT_DIR)",
					"$(PROJECT_DIR)/Carthage/Build/iOS",
					"$(PROJECT_DIR)/FixMyMail",
				);
				INFOPLIST_FILE = FixMyMail/Info.plist;
				LD_RUNPATH_SEARCH_PATHS = "$(inherited) @executable_path/Frameworks";
				PRODUCT_NAME = "$(TARGET_NAME)";
				PROVISIONING_PROFILE = "";
				SWIFT_OBJC_BRIDGING_HEADER = "$(SRCROOT)/FixMyMailTests/MailCore2-Bridging-Header.h";
			};
			name = Debug;
		};
		3DF253CB1AF7611E00B99BC8 /* Release */ = {
			isa = XCBuildConfiguration;
			buildSettings = {
				ASSETCATALOG_COMPILER_APPICON_NAME = AppIcon;
				CODE_SIGN_IDENTITY = "iPhone Developer";
				"CODE_SIGN_IDENTITY[sdk=iphoneos*]" = "iPhone Developer";
				FRAMEWORK_SEARCH_PATHS = (
					"$(inherited)",
					"$(PROJECT_DIR)/**",
					"$(PROJECT_DIR)",
					"$(PROJECT_DIR)/Carthage/Build/iOS",
					"$(PROJECT_DIR)/FixMyMail",
				);
				INFOPLIST_FILE = FixMyMail/Info.plist;
				LD_RUNPATH_SEARCH_PATHS = "$(inherited) @executable_path/Frameworks";
				PRODUCT_NAME = "$(TARGET_NAME)";
				PROVISIONING_PROFILE = "";
				SWIFT_OBJC_BRIDGING_HEADER = "$(SRCROOT)/FixMyMailTests/MailCore2-Bridging-Header.h";
			};
			name = Release;
		};
		3DF253CD1AF7611E00B99BC8 /* Debug */ = {
			isa = XCBuildConfiguration;
			buildSettings = {
				BUNDLE_LOADER = "$(TEST_HOST)";
				FRAMEWORK_SEARCH_PATHS = (
					"$(SDKROOT)/Developer/Library/Frameworks",
					"$(inherited)",
				);
				GCC_PREPROCESSOR_DEFINITIONS = (
					"DEBUG=1",
					"$(inherited)",
				);
				INFOPLIST_FILE = FixMyMailTests/Info.plist;
				LD_RUNPATH_SEARCH_PATHS = "$(inherited) @executable_path/Frameworks @loader_path/Frameworks";
				PRODUCT_NAME = "$(TARGET_NAME)";
				TEST_HOST = "$(BUILT_PRODUCTS_DIR)/FixMyMail.app/FixMyMail";
			};
			name = Debug;
		};
		3DF253CE1AF7611E00B99BC8 /* Release */ = {
			isa = XCBuildConfiguration;
			buildSettings = {
				BUNDLE_LOADER = "$(TEST_HOST)";
				FRAMEWORK_SEARCH_PATHS = (
					"$(SDKROOT)/Developer/Library/Frameworks",
					"$(inherited)",
				);
				INFOPLIST_FILE = FixMyMailTests/Info.plist;
				LD_RUNPATH_SEARCH_PATHS = "$(inherited) @executable_path/Frameworks @loader_path/Frameworks";
				PRODUCT_NAME = "$(TARGET_NAME)";
				TEST_HOST = "$(BUILT_PRODUCTS_DIR)/FixMyMail.app/FixMyMail";
			};
			name = Release;
		};
/* End XCBuildConfiguration section */

/* Begin XCConfigurationList section */
		3DF253A21AF7611D00B99BC8 /* Build configuration list for PBXProject "FixMyMail" */ = {
			isa = XCConfigurationList;
			buildConfigurations = (
				3DF253C71AF7611E00B99BC8 /* Debug */,
				3DF253C81AF7611E00B99BC8 /* Release */,
			);
			defaultConfigurationIsVisible = 0;
			defaultConfigurationName = Release;
		};
		3DF253C91AF7611E00B99BC8 /* Build configuration list for PBXNativeTarget "FixMyMail" */ = {
			isa = XCConfigurationList;
			buildConfigurations = (
				3DF253CA1AF7611E00B99BC8 /* Debug */,
				3DF253CB1AF7611E00B99BC8 /* Release */,
			);
			defaultConfigurationIsVisible = 0;
			defaultConfigurationName = Release;
		};
		3DF253CC1AF7611E00B99BC8 /* Build configuration list for PBXNativeTarget "FixMyMailTests" */ = {
			isa = XCConfigurationList;
			buildConfigurations = (
				3DF253CD1AF7611E00B99BC8 /* Debug */,
				3DF253CE1AF7611E00B99BC8 /* Release */,
			);
			defaultConfigurationIsVisible = 0;
			defaultConfigurationName = Release;
		};
/* End XCConfigurationList section */

/* Begin XCVersionGroup section */
		3DF253AE1AF7611D00B99BC8 /* FixMyMail.xcdatamodeld */ = {
			isa = XCVersionGroup;
			children = (
				3DF253AF1AF7611D00B99BC8 /* FixMyMail.xcdatamodel */,
			);
			currentVersion = 3DF253AF1AF7611D00B99BC8 /* FixMyMail.xcdatamodel */;
			path = FixMyMail.xcdatamodeld;
			sourceTree = "<group>";
			versionGroupType = wrapper.xcdatamodel;
		};
/* End XCVersionGroup section */
	};
	rootObject = 3DF2539F1AF7611D00B99BC8 /* Project object */;
}
