// !$*UTF8*$!
{
	archiveVersion = 1;
	classes = {
	};
	objectVersion = 46;
	objects = {

/* Begin PBXBuildFile section */
		3D9027541AF96D0D000D3E72 /* MailCore.framework in Frameworks */ = {isa = PBXBuildFile; fileRef = 3D9027521AF96D0D000D3E72 /* MailCore.framework */; };
		3D9027551AF96D0D000D3E72 /* SwiftyJSON.framework in Frameworks */ = {isa = PBXBuildFile; fileRef = 3D9027531AF96D0D000D3E72 /* SwiftyJSON.framework */; };
		3D90275E1AF97167000D3E72 /* CoreData.framework in Frameworks */ = {isa = PBXBuildFile; fileRef = 3D90275D1AF97167000D3E72 /* CoreData.framework */; };
		3D9027601AF97313000D3E72 /* EmailAccount.swift in Sources */ = {isa = PBXBuildFile; fileRef = 3D90275F1AF97313000D3E72 /* EmailAccount.swift */; };
		3D9027621AF97313000D3E72 /* Email.swift in Sources */ = {isa = PBXBuildFile; fileRef = 3D9027611AF97313000D3E72 /* Email.swift */; };
		3DF253AD1AF7611D00B99BC8 /* AppDelegate.swift in Sources */ = {isa = PBXBuildFile; fileRef = 3DF253AC1AF7611D00B99BC8 /* AppDelegate.swift */; };
		3DF253B01AF7611D00B99BC8 /* FixMyMail.xcdatamodeld in Sources */ = {isa = PBXBuildFile; fileRef = 3DF253AE1AF7611D00B99BC8 /* FixMyMail.xcdatamodeld */; };
		3DF253B21AF7611D00B99BC8 /* ViewController.swift in Sources */ = {isa = PBXBuildFile; fileRef = 3DF253B11AF7611D00B99BC8 /* ViewController.swift */; };
		3DF253B71AF7611D00B99BC8 /* Images.xcassets in Resources */ = {isa = PBXBuildFile; fileRef = 3DF253B61AF7611D00B99BC8 /* Images.xcassets */; };
		3DF253BA1AF7611D00B99BC8 /* LaunchScreen.xib in Resources */ = {isa = PBXBuildFile; fileRef = 3DF253B81AF7611D00B99BC8 /* LaunchScreen.xib */; };
		3DF253C61AF7611E00B99BC8 /* FixMyMailTests.swift in Sources */ = {isa = PBXBuildFile; fileRef = 3DF253C51AF7611E00B99BC8 /* FixMyMailTests.swift */; };
		AD45E8571B1095F900CB431F /* KeyItemTableViewCell.xib in Resources */ = {isa = PBXBuildFile; fileRef = AD45E8561B1095F900CB431F /* KeyItemTableViewCell.xib */; };
		AD45E8591B109ED500CB431F /* TableViewController.xib in Resources */ = {isa = PBXBuildFile; fileRef = AD45E8581B109ED500CB431F /* TableViewController.xib */; };
		ADE075281B0788D3002C577F /* KeyItem.swift in Sources */ = {isa = PBXBuildFile; fileRef = ADE075271B0788D3002C577F /* KeyItem.swift */; };
		ADE0752A1B078C48002C577F /* KeyChainListTableViewController.swift in Sources */ = {isa = PBXBuildFile; fileRef = ADE075291B078C48002C577F /* KeyChainListTableViewController.swift */; };
		ADE0752C1B07930E002C577F /* SharedClassExtensions.swift in Sources */ = {isa = PBXBuildFile; fileRef = ADE0752B1B07930E002C577F /* SharedClassExtensions.swift */; };
		ADE0752E1B08C427002C577F /* KeyItemTableViewCell.swift in Sources */ = {isa = PBXBuildFile; fileRef = ADE0752D1B08C427002C577F /* KeyItemTableViewCell.swift */; };
/* End PBXBuildFile section */

/* Begin PBXContainerItemProxy section */
		3DF253C01AF7611D00B99BC8 /* PBXContainerItemProxy */ = {
			isa = PBXContainerItemProxy;
			containerPortal = 3DF2539F1AF7611D00B99BC8 /* Project object */;
			proxyType = 1;
			remoteGlobalIDString = 3DF253A61AF7611D00B99BC8;
			remoteInfo = FixMyMail;
		};
/* End PBXContainerItemProxy section */

/* Begin PBXFileReference section */
		3D9027521AF96D0D000D3E72 /* MailCore.framework */ = {isa = PBXFileReference; lastKnownFileType = wrapper.framework; name = MailCore.framework; path = Carthage/Build/iOS/MailCore.framework; sourceTree = "<group>"; };
		3D9027531AF96D0D000D3E72 /* SwiftyJSON.framework */ = {isa = PBXFileReference; lastKnownFileType = wrapper.framework; name = SwiftyJSON.framework; path = Carthage/Build/iOS/SwiftyJSON.framework; sourceTree = "<group>"; };
		3D90275D1AF97167000D3E72 /* CoreData.framework */ = {isa = PBXFileReference; lastKnownFileType = wrapper.framework; name = CoreData.framework; path = System/Library/Frameworks/CoreData.framework; sourceTree = SDKROOT; };
		3D90275F1AF97313000D3E72 /* EmailAccount.swift */ = {isa = PBXFileReference; fileEncoding = 4; lastKnownFileType = sourcecode.swift; path = EmailAccount.swift; sourceTree = "<group>"; };
		3D9027611AF97313000D3E72 /* Email.swift */ = {isa = PBXFileReference; fileEncoding = 4; lastKnownFileType = sourcecode.swift; path = Email.swift; sourceTree = "<group>"; };
		3DF253A71AF7611D00B99BC8 /* FixMyMail.app */ = {isa = PBXFileReference; explicitFileType = wrapper.application; includeInIndex = 0; path = FixMyMail.app; sourceTree = BUILT_PRODUCTS_DIR; };
		3DF253AB1AF7611D00B99BC8 /* Info.plist */ = {isa = PBXFileReference; lastKnownFileType = text.plist.xml; path = Info.plist; sourceTree = "<group>"; };
		3DF253AC1AF7611D00B99BC8 /* AppDelegate.swift */ = {isa = PBXFileReference; lastKnownFileType = sourcecode.swift; path = AppDelegate.swift; sourceTree = "<group>"; };
		3DF253AF1AF7611D00B99BC8 /* FixMyMail.xcdatamodel */ = {isa = PBXFileReference; lastKnownFileType = wrapper.xcdatamodel; path = FixMyMail.xcdatamodel; sourceTree = "<group>"; };
		3DF253B11AF7611D00B99BC8 /* ViewController.swift */ = {isa = PBXFileReference; lastKnownFileType = sourcecode.swift; path = ViewController.swift; sourceTree = "<group>"; };
		3DF253B61AF7611D00B99BC8 /* Images.xcassets */ = {isa = PBXFileReference; lastKnownFileType = folder.assetcatalog; path = Images.xcassets; sourceTree = "<group>"; };
		3DF253B91AF7611D00B99BC8 /* Base */ = {isa = PBXFileReference; lastKnownFileType = file.xib; name = Base; path = Base.lproj/LaunchScreen.xib; sourceTree = "<group>"; };
		3DF253BF1AF7611D00B99BC8 /* FixMyMailTests.xctest */ = {isa = PBXFileReference; explicitFileType = wrapper.cfbundle; includeInIndex = 0; path = FixMyMailTests.xctest; sourceTree = BUILT_PRODUCTS_DIR; };
		3DF253C41AF7611E00B99BC8 /* Info.plist */ = {isa = PBXFileReference; lastKnownFileType = text.plist.xml; path = Info.plist; sourceTree = "<group>"; };
		3DF253C51AF7611E00B99BC8 /* FixMyMailTests.swift */ = {isa = PBXFileReference; lastKnownFileType = sourcecode.swift; path = FixMyMailTests.swift; sourceTree = "<group>"; };
		3DF253E91AF76A6A00B99BC8 /* MailCore2-Bridging-Header.h */ = {isa = PBXFileReference; lastKnownFileType = sourcecode.c.h; name = "MailCore2-Bridging-Header.h"; path = "FixMyMailTests/MailCore2-Bridging-Header.h"; sourceTree = SOURCE_ROOT; };
		AD45E8561B1095F900CB431F /* KeyItemTableViewCell.xib */ = {isa = PBXFileReference; fileEncoding = 4; lastKnownFileType = file.xib; path = KeyItemTableViewCell.xib; sourceTree = "<group>"; };
		AD45E8581B109ED500CB431F /* TableViewController.xib */ = {isa = PBXFileReference; fileEncoding = 4; lastKnownFileType = file.xib; name = TableViewController.xib; path = ../TableViewController.xib; sourceTree = "<group>"; };
		ADE075271B0788D3002C577F /* KeyItem.swift */ = {isa = PBXFileReference; fileEncoding = 4; lastKnownFileType = sourcecode.swift; path = KeyItem.swift; sourceTree = "<group>"; };
		ADE075291B078C48002C577F /* KeyChainListTableViewController.swift */ = {isa = PBXFileReference; fileEncoding = 4; lastKnownFileType = sourcecode.swift; path = KeyChainListTableViewController.swift; sourceTree = "<group>"; };
		ADE0752B1B07930E002C577F /* SharedClassExtensions.swift */ = {isa = PBXFileReference; fileEncoding = 4; lastKnownFileType = sourcecode.swift; path = SharedClassExtensions.swift; sourceTree = "<group>"; };
		ADE0752D1B08C427002C577F /* KeyItemTableViewCell.swift */ = {isa = PBXFileReference; fileEncoding = 4; lastKnownFileType = sourcecode.swift; path = KeyItemTableViewCell.swift; sourceTree = "<group>"; };
/* End PBXFileReference section */

/* Begin PBXFrameworksBuildPhase section */
		3DF253A41AF7611D00B99BC8 /* Frameworks */ = {
			isa = PBXFrameworksBuildPhase;
			buildActionMask = 2147483647;
			files = (
				3D90275E1AF97167000D3E72 /* CoreData.framework in Frameworks */,
				3D9027541AF96D0D000D3E72 /* MailCore.framework in Frameworks */,
				3D9027551AF96D0D000D3E72 /* SwiftyJSON.framework in Frameworks */,
			);
			runOnlyForDeploymentPostprocessing = 0;
		};
		3DF253BC1AF7611D00B99BC8 /* Frameworks */ = {
			isa = PBXFrameworksBuildPhase;
			buildActionMask = 2147483647;
			files = (
			);
			runOnlyForDeploymentPostprocessing = 0;
		};
/* End PBXFrameworksBuildPhase section */

/* Begin PBXGroup section */
		3D9027561AF970A2000D3E72 /* CoreData */ = {
			isa = PBXGroup;
			children = (
				3DF253AE1AF7611D00B99BC8 /* FixMyMail.xcdatamodeld */,
				3D9027611AF97313000D3E72 /* Email.swift */,
				3D90275F1AF97313000D3E72 /* EmailAccount.swift */,
			);
			name = CoreData;
			sourceTree = "<group>";
		};
		3DF2539E1AF7611D00B99BC8 = {
			isa = PBXGroup;
			children = (
				3D90275D1AF97167000D3E72 /* CoreData.framework */,
				3D9027521AF96D0D000D3E72 /* MailCore.framework */,
				3D9027531AF96D0D000D3E72 /* SwiftyJSON.framework */,
				3DF253A91AF7611D00B99BC8 /* FixMyMail */,
				3DF253C21AF7611E00B99BC8 /* FixMyMailTests */,
				3DF253A81AF7611D00B99BC8 /* Products */,
			);
			sourceTree = "<group>";
		};
		3DF253A81AF7611D00B99BC8 /* Products */ = {
			isa = PBXGroup;
			children = (
				3DF253A71AF7611D00B99BC8 /* FixMyMail.app */,
				3DF253BF1AF7611D00B99BC8 /* FixMyMailTests.xctest */,
			);
			name = Products;
			sourceTree = "<group>";
		};
		3DF253A91AF7611D00B99BC8 /* FixMyMail */ = {
			isa = PBXGroup;
			children = (
				3D9027561AF970A2000D3E72 /* CoreData */,
				3DF253AC1AF7611D00B99BC8 /* AppDelegate.swift */,
				3DF253B11AF7611D00B99BC8 /* ViewController.swift */,
				AD45E8581B109ED500CB431F /* TableViewController.xib */,
				ADE075271B0788D3002C577F /* KeyItem.swift */,
				ADE075291B078C48002C577F /* KeyChainListTableViewController.swift */,
				ADE0752D1B08C427002C577F /* KeyItemTableViewCell.swift */,
				AD45E8561B1095F900CB431F /* KeyItemTableViewCell.xib */,
				ADE0752B1B07930E002C577F /* SharedClassExtensions.swift */,
				3DF253B61AF7611D00B99BC8 /* Images.xcassets */,
				3DF253B81AF7611D00B99BC8 /* LaunchScreen.xib */,
				3DF253AA1AF7611D00B99BC8 /* Supporting Files */,
			);
			path = FixMyMail;
			sourceTree = "<group>";
		};
		3DF253AA1AF7611D00B99BC8 /* Supporting Files */ = {
			isa = PBXGroup;
			children = (
				3DF253E91AF76A6A00B99BC8 /* MailCore2-Bridging-Header.h */,
				3DF253AB1AF7611D00B99BC8 /* Info.plist */,
			);
			name = "Supporting Files";
			sourceTree = "<group>";
		};
		3DF253C21AF7611E00B99BC8 /* FixMyMailTests */ = {
			isa = PBXGroup;
			children = (
				3DF253C51AF7611E00B99BC8 /* FixMyMailTests.swift */,
				3DF253C31AF7611E00B99BC8 /* Supporting Files */,
			);
			path = FixMyMailTests;
			sourceTree = "<group>";
		};
		3DF253C31AF7611E00B99BC8 /* Supporting Files */ = {
			isa = PBXGroup;
			children = (
				3DF253C41AF7611E00B99BC8 /* Info.plist */,
			);
			name = "Supporting Files";
			sourceTree = "<group>";
		};
/* End PBXGroup section */

/* Begin PBXNativeTarget section */
		3DF253A61AF7611D00B99BC8 /* FixMyMail */ = {
			isa = PBXNativeTarget;
			buildConfigurationList = 3DF253C91AF7611E00B99BC8 /* Build configuration list for PBXNativeTarget "FixMyMail" */;
			buildPhases = (
				3DF253A31AF7611D00B99BC8 /* Sources */,
				3DF253A41AF7611D00B99BC8 /* Frameworks */,
				3DF253A51AF7611D00B99BC8 /* Resources */,
				3DF253CF1AF766A200B99BC8 /* ShellScript */,
			);
			buildRules = (
			);
			dependencies = (
			);
			name = FixMyMail;
			productName = FixMyMail;
			productReference = 3DF253A71AF7611D00B99BC8 /* FixMyMail.app */;
			productType = "com.apple.product-type.application";
		};
		3DF253BE1AF7611D00B99BC8 /* FixMyMailTests */ = {
			isa = PBXNativeTarget;
			buildConfigurationList = 3DF253CC1AF7611E00B99BC8 /* Build configuration list for PBXNativeTarget "FixMyMailTests" */;
			buildPhases = (
				3DF253BB1AF7611D00B99BC8 /* Sources */,
				3DF253BC1AF7611D00B99BC8 /* Frameworks */,
				3DF253BD1AF7611D00B99BC8 /* Resources */,
			);
			buildRules = (
			);
			dependencies = (
				3DF253C11AF7611D00B99BC8 /* PBXTargetDependency */,
			);
			name = FixMyMailTests;
			productName = FixMyMailTests;
			productReference = 3DF253BF1AF7611D00B99BC8 /* FixMyMailTests.xctest */;
			productType = "com.apple.product-type.bundle.unit-test";
		};
/* End PBXNativeTarget section */

/* Begin PBXProject section */
		3DF2539F1AF7611D00B99BC8 /* Project object */ = {
			isa = PBXProject;
			attributes = {
				LastUpgradeCheck = 0630;
				ORGANIZATIONNAME = FixMymail;
				TargetAttributes = {
					3DF253A61AF7611D00B99BC8 = {
						CreatedOnToolsVersion = 6.3.1;
						DevelopmentTeam = 3928PFTW6V;
					};
					3DF253BE1AF7611D00B99BC8 = {
						CreatedOnToolsVersion = 6.3.1;
						TestTargetID = 3DF253A61AF7611D00B99BC8;
					};
				};
			};
			buildConfigurationList = 3DF253A21AF7611D00B99BC8 /* Build configuration list for PBXProject "FixMyMail" */;
			compatibilityVersion = "Xcode 3.2";
			developmentRegion = English;
			hasScannedForEncodings = 0;
			knownRegions = (
				en,
				Base,
			);
			mainGroup = 3DF2539E1AF7611D00B99BC8;
			productRefGroup = 3DF253A81AF7611D00B99BC8 /* Products */;
			projectDirPath = "";
			projectRoot = "";
			targets = (
				3DF253A61AF7611D00B99BC8 /* FixMyMail */,
				3DF253BE1AF7611D00B99BC8 /* FixMyMailTests */,
			);
		};
/* End PBXProject section */

/* Begin PBXResourcesBuildPhase section */
		3DF253A51AF7611D00B99BC8 /* Resources */ = {
			isa = PBXResourcesBuildPhase;
			buildActionMask = 2147483647;
			files = (
				3DF253BA1AF7611D00B99BC8 /* LaunchScreen.xib in Resources */,
				3DF253B71AF7611D00B99BC8 /* Images.xcassets in Resources */,
				AD45E8591B109ED500CB431F /* TableViewController.xib in Resources */,
				AD45E8571B1095F900CB431F /* KeyItemTableViewCell.xib in Resources */,
			);
			runOnlyForDeploymentPostprocessing = 0;
		};
		3DF253BD1AF7611D00B99BC8 /* Resources */ = {
			isa = PBXResourcesBuildPhase;
			buildActionMask = 2147483647;
			files = (
			);
			runOnlyForDeploymentPostprocessing = 0;
		};
/* End PBXResourcesBuildPhase section */

/* Begin PBXShellScriptBuildPhase section */
		3DF253CF1AF766A200B99BC8 /* ShellScript */ = {
			isa = PBXShellScriptBuildPhase;
			buildActionMask = 12;
			files = (
			);
			inputPaths = (
				"$(SRCROOT)/Carthage/Build/iOS/SwiftyJSON.framework",
				"$(SRCROOT)/Carthage/Build/iOS/MailCore.framework",
			);
			outputPaths = (
			);
			runOnlyForDeploymentPostprocessing = 0;
			shellPath = /bin/sh;
			shellScript = "/usr/local/bin/carthage build --platform \"$PLATFORM_NAME\" \"$SRCROOT\"\n/usr/local/bin/carthage copy-frameworks";
		};
/* End PBXShellScriptBuildPhase section */

/* Begin PBXSourcesBuildPhase section */
		3DF253A31AF7611D00B99BC8 /* Sources */ = {
			isa = PBXSourcesBuildPhase;
			buildActionMask = 2147483647;
			files = (
				ADE075281B0788D3002C577F /* KeyItem.swift in Sources */,
				3DF253B21AF7611D00B99BC8 /* ViewController.swift in Sources */,
				3D9027621AF97313000D3E72 /* Email.swift in Sources */,
				ADE0752C1B07930E002C577F /* SharedClassExtensions.swift in Sources */,
				ADE0752A1B078C48002C577F /* KeyChainListTableViewController.swift in Sources */,
				3DF253B01AF7611D00B99BC8 /* FixMyMail.xcdatamodeld in Sources */,
				ADE0752E1B08C427002C577F /* KeyItemTableViewCell.swift in Sources */,
				3D9027601AF97313000D3E72 /* EmailAccount.swift in Sources */,
				3DF253AD1AF7611D00B99BC8 /* AppDelegate.swift in Sources */,
			);
			runOnlyForDeploymentPostprocessing = 0;
		};
		3DF253BB1AF7611D00B99BC8 /* Sources */ = {
			isa = PBXSourcesBuildPhase;
			buildActionMask = 2147483647;
			files = (
				3DF253C61AF7611E00B99BC8 /* FixMyMailTests.swift in Sources */,
			);
			runOnlyForDeploymentPostprocessing = 0;
		};
/* End PBXSourcesBuildPhase section */

/* Begin PBXTargetDependency section */
		3DF253C11AF7611D00B99BC8 /* PBXTargetDependency */ = {
			isa = PBXTargetDependency;
			target = 3DF253A61AF7611D00B99BC8 /* FixMyMail */;
			targetProxy = 3DF253C01AF7611D00B99BC8 /* PBXContainerItemProxy */;
		};
/* End PBXTargetDependency section */

/* Begin PBXVariantGroup section */
		3DF253B81AF7611D00B99BC8 /* LaunchScreen.xib */ = {
			isa = PBXVariantGroup;
			children = (
				3DF253B91AF7611D00B99BC8 /* Base */,
			);
			name = LaunchScreen.xib;
			sourceTree = "<group>";
		};
/* End PBXVariantGroup section */

/* Begin XCBuildConfiguration section */
		3DF253C71AF7611E00B99BC8 /* Debug */ = {
			isa = XCBuildConfiguration;
			buildSettings = {
				ALWAYS_SEARCH_USER_PATHS = NO;
				CLANG_CXX_LANGUAGE_STANDARD = "gnu++0x";
				CLANG_CXX_LIBRARY = "libc++";
				CLANG_ENABLE_MODULES = YES;
				CLANG_ENABLE_OBJC_ARC = YES;
				CLANG_WARN_BOOL_CONVERSION = YES;
				CLANG_WARN_CONSTANT_CONVERSION = YES;
				CLANG_WARN_DIRECT_OBJC_ISA_USAGE = YES_ERROR;
				CLANG_WARN_EMPTY_BODY = YES;
				CLANG_WARN_ENUM_CONVERSION = YES;
				CLANG_WARN_INT_CONVERSION = YES;
				CLANG_WARN_OBJC_ROOT_CLASS = YES_ERROR;
				CLANG_WARN_UNREACHABLE_CODE = YES;
				CLANG_WARN__DUPLICATE_METHOD_MATCH = YES;
				"CODE_SIGN_IDENTITY[sdk=iphoneos*]" = "iPhone Developer";
				COPY_PHASE_STRIP = NO;
				DEBUG_INFORMATION_FORMAT = "dwarf-with-dsym";
				ENABLE_STRICT_OBJC_MSGSEND = YES;
				GCC_C_LANGUAGE_STANDARD = gnu99;
				GCC_DYNAMIC_NO_PIC = NO;
				GCC_NO_COMMON_BLOCKS = YES;
				GCC_OPTIMIZATION_LEVEL = 0;
				GCC_PREPROCESSOR_DEFINITIONS = (
					"DEBUG=1",
					"$(inherited)",
				);
				GCC_SYMBOLS_PRIVATE_EXTERN = NO;
				GCC_WARN_64_TO_32_BIT_CONVERSION = YES;
				GCC_WARN_ABOUT_RETURN_TYPE = YES_ERROR;
				GCC_WARN_UNDECLARED_SELECTOR = YES;
				GCC_WARN_UNINITIALIZED_AUTOS = YES_AGGRESSIVE;
				GCC_WARN_UNUSED_FUNCTION = YES;
				GCC_WARN_UNUSED_VARIABLE = YES;
				IPHONEOS_DEPLOYMENT_TARGET = 8.3;
				MTL_ENABLE_DEBUG_INFO = YES;
				ONLY_ACTIVE_ARCH = YES;
				SDKROOT = iphoneos;
				SWIFT_OPTIMIZATION_LEVEL = "-Onone";
				TARGETED_DEVICE_FAMILY = "1,2";
			};
			name = Debug;
		};
		3DF253C81AF7611E00B99BC8 /* Release */ = {
			isa = XCBuildConfiguration;
			buildSettings = {
				ALWAYS_SEARCH_USER_PATHS = NO;
				CLANG_CXX_LANGUAGE_STANDARD = "gnu++0x";
				CLANG_CXX_LIBRARY = "libc++";
				CLANG_ENABLE_MODULES = YES;
				CLANG_ENABLE_OBJC_ARC = YES;
				CLANG_WARN_BOOL_CONVERSION = YES;
				CLANG_WARN_CONSTANT_CONVERSION = YES;
				CLANG_WARN_DIRECT_OBJC_ISA_USAGE = YES_ERROR;
				CLANG_WARN_EMPTY_BODY = YES;
				CLANG_WARN_ENUM_CONVERSION = YES;
				CLANG_WARN_INT_CONVERSION = YES;
				CLANG_WARN_OBJC_ROOT_CLASS = YES_ERROR;
				CLANG_WARN_UNREACHABLE_CODE = YES;
				CLANG_WARN__DUPLICATE_METHOD_MATCH = YES;
				"CODE_SIGN_IDENTITY[sdk=iphoneos*]" = "iPhone Developer";
				COPY_PHASE_STRIP = NO;
				DEBUG_INFORMATION_FORMAT = "dwarf-with-dsym";
				ENABLE_NS_ASSERTIONS = NO;
				ENABLE_STRICT_OBJC_MSGSEND = YES;
				GCC_C_LANGUAGE_STANDARD = gnu99;
				GCC_NO_COMMON_BLOCKS = YES;
				GCC_WARN_64_TO_32_BIT_CONVERSION = YES;
				GCC_WARN_ABOUT_RETURN_TYPE = YES_ERROR;
				GCC_WARN_UNDECLARED_SELECTOR = YES;
				GCC_WARN_UNINITIALIZED_AUTOS = YES_AGGRESSIVE;
				GCC_WARN_UNUSED_FUNCTION = YES;
				GCC_WARN_UNUSED_VARIABLE = YES;
				IPHONEOS_DEPLOYMENT_TARGET = 8.3;
				MTL_ENABLE_DEBUG_INFO = NO;
				SDKROOT = iphoneos;
				TARGETED_DEVICE_FAMILY = "1,2";
				VALIDATE_PRODUCT = YES;
			};
			name = Release;
		};
		3DF253CA1AF7611E00B99BC8 /* Debug */ = {
			isa = XCBuildConfiguration;
			buildSettings = {
				ASSETCATALOG_COMPILER_APPICON_NAME = AppIcon;
				CODE_SIGN_IDENTITY = "iPhone Developer";
				"CODE_SIGN_IDENTITY[sdk=iphoneos*]" = "iPhone Developer";
				FRAMEWORK_SEARCH_PATHS = (
					"$(inherited)",
					"$(PROJECT_DIR)/**",
					"$(PROJECT_DIR)",
					"$(PROJECT_DIR)/Carthage/Build/iOS",
				);
				INFOPLIST_FILE = FixMyMail/Info.plist;
				LD_RUNPATH_SEARCH_PATHS = "$(inherited) @executable_path/Frameworks";
				PRODUCT_NAME = "$(TARGET_NAME)";
				PROVISIONING_PROFILE = "cf6e9333-673e-4ec5-8813-fa4272594487";
				SWIFT_OBJC_BRIDGING_HEADER = "$(SRCROOT)/FixMyMailTests/MailCore2-Bridging-Header.h";
			};
			name = Debug;
		};
		3DF253CB1AF7611E00B99BC8 /* Release */ = {
			isa = XCBuildConfiguration;
			buildSettings = {
				ASSETCATALOG_COMPILER_APPICON_NAME = AppIcon;
				CODE_SIGN_IDENTITY = "iPhone Developer";
				"CODE_SIGN_IDENTITY[sdk=iphoneos*]" = "iPhone Developer";
				FRAMEWORK_SEARCH_PATHS = (
					"$(inherited)",
					"$(PROJECT_DIR)/**",
					"$(PROJECT_DIR)",
					"$(PROJECT_DIR)/Carthage/Build/iOS",
				);
				INFOPLIST_FILE = FixMyMail/Info.plist;
				LD_RUNPATH_SEARCH_PATHS = "$(inherited) @executable_path/Frameworks";
				PRODUCT_NAME = "$(TARGET_NAME)";
				PROVISIONING_PROFILE = "cf6e9333-673e-4ec5-8813-fa4272594487";
				SWIFT_OBJC_BRIDGING_HEADER = "$(SRCROOT)/FixMyMailTests/MailCore2-Bridging-Header.h";
			};
			name = Release;
		};
		3DF253CD1AF7611E00B99BC8 /* Debug */ = {
			isa = XCBuildConfiguration;
			buildSettings = {
				BUNDLE_LOADER = "$(TEST_HOST)";
				FRAMEWORK_SEARCH_PATHS = (
					"$(SDKROOT)/Developer/Library/Frameworks",
					"$(inherited)",
				);
				GCC_PREPROCESSOR_DEFINITIONS = (
					"DEBUG=1",
					"$(inherited)",
				);
				INFOPLIST_FILE = FixMyMailTests/Info.plist;
				LD_RUNPATH_SEARCH_PATHS = "$(inherited) @executable_path/Frameworks @loader_path/Frameworks";
				PRODUCT_NAME = "$(TARGET_NAME)";
				TEST_HOST = "$(BUILT_PRODUCTS_DIR)/FixMyMail.app/FixMyMail";
			};
			name = Debug;
		};
		3DF253CE1AF7611E00B99BC8 /* Release */ = {
			isa = XCBuildConfiguration;
			buildSettings = {
				BUNDLE_LOADER = "$(TEST_HOST)";
				FRAMEWORK_SEARCH_PATHS = (
					"$(SDKROOT)/Developer/Library/Frameworks",
					"$(inherited)",
				);
				INFOPLIST_FILE = FixMyMailTests/Info.plist;
				LD_RUNPATH_SEARCH_PATHS = "$(inherited) @executable_path/Frameworks @loader_path/Frameworks";
				PRODUCT_NAME = "$(TARGET_NAME)";
				TEST_HOST = "$(BUILT_PRODUCTS_DIR)/FixMyMail.app/FixMyMail";
			};
			name = Release;
		};
/* End XCBuildConfiguration section */

/* Begin XCConfigurationList section */
		3DF253A21AF7611D00B99BC8 /* Build configuration list for PBXProject "FixMyMail" */ = {
			isa = XCConfigurationList;
			buildConfigurations = (
				3DF253C71AF7611E00B99BC8 /* Debug */,
				3DF253C81AF7611E00B99BC8 /* Release */,
			);
			defaultConfigurationIsVisible = 0;
			defaultConfigurationName = Release;
		};
		3DF253C91AF7611E00B99BC8 /* Build configuration list for PBXNativeTarget "FixMyMail" */ = {
			isa = XCConfigurationList;
			buildConfigurations = (
				3DF253CA1AF7611E00B99BC8 /* Debug */,
				3DF253CB1AF7611E00B99BC8 /* Release */,
			);
			defaultConfigurationIsVisible = 0;
			defaultConfigurationName = Release;
		};
		3DF253CC1AF7611E00B99BC8 /* Build configuration list for PBXNativeTarget "FixMyMailTests" */ = {
			isa = XCConfigurationList;
			buildConfigurations = (
				3DF253CD1AF7611E00B99BC8 /* Debug */,
				3DF253CE1AF7611E00B99BC8 /* Release */,
			);
			defaultConfigurationIsVisible = 0;
			defaultConfigurationName = Release;
		};
/* End XCConfigurationList section */

/* Begin XCVersionGroup section */
		3DF253AE1AF7611D00B99BC8 /* FixMyMail.xcdatamodeld */ = {
			isa = XCVersionGroup;
			children = (
				3DF253AF1AF7611D00B99BC8 /* FixMyMail.xcdatamodel */,
			);
			currentVersion = 3DF253AF1AF7611D00B99BC8 /* FixMyMail.xcdatamodel */;
			path = FixMyMail.xcdatamodeld;
			sourceTree = "<group>";
			versionGroupType = wrapper.xcdatamodel;
		};
/* End XCVersionGroup section */
	};
	rootObject = 3DF2539F1AF7611D00B99BC8 /* Project object */;
}
